// !$*UTF8*$!
{
	archiveVersion = 1;
	classes = {
	};
	objectVersion = 46;
	objects = {

/* Begin PBXBuildFile section */
		3314C5051D77DFED00F5549E /* iOS10NotificationHandler.swift in Sources */ = {isa = PBXBuildFile; fileRef = 3314C5021D77DFED00F5549E /* iOS10NotificationHandler.swift */; };
		3314C5061D77DFED00F5549E /* iOS9AndBelowNotificationHandler.swift in Sources */ = {isa = PBXBuildFile; fileRef = 3314C5031D77DFED00F5549E /* iOS9AndBelowNotificationHandler.swift */; };
		3314C5071D77DFED00F5549E /* VersionSpecificNotificationHandler.swift in Sources */ = {isa = PBXBuildFile; fileRef = 3314C5041D77DFED00F5549E /* VersionSpecificNotificationHandler.swift */; };
		3314C50A1D7859F000F5549E /* ParrotAPIController.swift in Sources */ = {isa = PBXBuildFile; fileRef = 3314C5091D7859F000F5549E /* ParrotAPIController.swift */; };
		3314C50C1D785B1B00F5549E /* ParrotAction.swift in Sources */ = {isa = PBXBuildFile; fileRef = 3314C50B1D785B1B00F5549E /* ParrotAction.swift */; };
		3314C50F1D785B7700F5549E /* PartyParrot.swift in Sources */ = {isa = PBXBuildFile; fileRef = 3314C50E1D785B7700F5549E /* PartyParrot.swift */; };
		336C7AF81D6167AC0037150A /* AppDelegate.swift in Sources */ = {isa = PBXBuildFile; fileRef = 336C7AF71D6167AC0037150A /* AppDelegate.swift */; };
		336C7AFD1D6167AC0037150A /* Main.storyboard in Resources */ = {isa = PBXBuildFile; fileRef = 336C7AFB1D6167AC0037150A /* Main.storyboard */; };
		336C7AFF1D6167AC0037150A /* Assets.xcassets in Resources */ = {isa = PBXBuildFile; fileRef = 336C7AFE1D6167AC0037150A /* Assets.xcassets */; };
		336C7B021D6167AC0037150A /* LaunchScreen.storyboard in Resources */ = {isa = PBXBuildFile; fileRef = 336C7B001D6167AC0037150A /* LaunchScreen.storyboard */; };
		336C7B101D61680D0037150A /* UserNotifications.framework in Frameworks */ = {isa = PBXBuildFile; fileRef = 336C7B0F1D61680D0037150A /* UserNotifications.framework */; };
		336C7B121D61680D0037150A /* UserNotificationsUI.framework in Frameworks */ = {isa = PBXBuildFile; fileRef = 336C7B111D61680D0037150A /* UserNotificationsUI.framework */; };
		336C7B151D61680D0037150A /* NotificationViewController.swift in Sources */ = {isa = PBXBuildFile; fileRef = 336C7B141D61680D0037150A /* NotificationViewController.swift */; };
		336C7B181D61680D0037150A /* MainInterface.storyboard in Resources */ = {isa = PBXBuildFile; fileRef = 336C7B161D61680D0037150A /* MainInterface.storyboard */; };
		336C7B1C1D61680D0037150A /* NotificationContent.appex in Embed App Extensions */ = {isa = PBXBuildFile; fileRef = 336C7B0D1D61680D0037150A /* NotificationContent.appex */; settings = {ATTRIBUTES = (RemoveHeadersOnCopy, ); }; };
		336C7B281D6168330037150A /* NotificationService.swift in Sources */ = {isa = PBXBuildFile; fileRef = 336C7B271D6168330037150A /* NotificationService.swift */; };
		336C7B2C1D6168330037150A /* NotificationService.appex in Embed App Extensions */ = {isa = PBXBuildFile; fileRef = 336C7B251D6168330037150A /* NotificationService.appex */; settings = {ATTRIBUTES = (RemoveHeadersOnCopy, ); }; };
		33DC4B5E1D7862F900E0DB7F /* Party.swift in Sources */ = {isa = PBXBuildFile; fileRef = 33DC4B5D1D7862F900E0DB7F /* Party.swift */; };
		33DC4B611D7864F800E0DB7F /* ViewController.swift in Sources */ = {isa = PBXBuildFile; fileRef = 33DC4B601D7864F800E0DB7F /* ViewController.swift */; };
		33DC4B631D78650600E0DB7F /* NotificationPromptViewController.swift in Sources */ = {isa = PBXBuildFile; fileRef = 33DC4B621D78650600E0DB7F /* NotificationPromptViewController.swift */; };
		33DC4B851D78754500E0DB7F /* aussiecongaparrot.gif in Resources */ = {isa = PBXBuildFile; fileRef = 33DC4B651D78754500E0DB7F /* aussiecongaparrot.gif */; };
		33DC4B861D78754500E0DB7F /* aussieparrot.gif in Resources */ = {isa = PBXBuildFile; fileRef = 33DC4B661D78754500E0DB7F /* aussieparrot.gif */; };
		33DC4B871D78754500E0DB7F /* aussiereversecongaparrot.gif in Resources */ = {isa = PBXBuildFile; fileRef = 33DC4B671D78754500E0DB7F /* aussiereversecongaparrot.gif */; };
		33DC4B881D78754500E0DB7F /* boredparrot.gif in Resources */ = {isa = PBXBuildFile; fileRef = 33DC4B681D78754500E0DB7F /* boredparrot.gif */; };
		33DC4B891D78754500E0DB7F /* chillparrot.gif in Resources */ = {isa = PBXBuildFile; fileRef = 33DC4B691D78754500E0DB7F /* chillparrot.gif */; };
		33DC4B8A1D78754500E0DB7F /* congaparrot.gif in Resources */ = {isa = PBXBuildFile; fileRef = 33DC4B6A1D78754500E0DB7F /* congaparrot.gif */; };
		33DC4B8B1D78754500E0DB7F /* dealwithitparrot.gif in Resources */ = {isa = PBXBuildFile; fileRef = 33DC4B6B1D78754500E0DB7F /* dealwithitparrot.gif */; };
		33DC4B8C1D78754500E0DB7F /* explodyparrot.gif in Resources */ = {isa = PBXBuildFile; fileRef = 33DC4B6C1D78754500E0DB7F /* explodyparrot.gif */; };
		33DC4B8D1D78754500E0DB7F /* fastparrot.gif in Resources */ = {isa = PBXBuildFile; fileRef = 33DC4B6D1D78754500E0DB7F /* fastparrot.gif */; };
		33DC4B8E1D78754500E0DB7F /* fiestaparrot.gif in Resources */ = {isa = PBXBuildFile; fileRef = 33DC4B6E1D78754500E0DB7F /* fiestaparrot.gif */; };
		33DC4B8F1D78754500E0DB7F /* gothparrot.gif in Resources */ = {isa = PBXBuildFile; fileRef = 33DC4B6F1D78754500E0DB7F /* gothparrot.gif */; };
		33DC4B901D78754500E0DB7F /* ice-cream-parrot.gif in Resources */ = {isa = PBXBuildFile; fileRef = 33DC4B701D78754500E0DB7F /* ice-cream-parrot.gif */; };
		33DC4B911D78754500E0DB7F /* middleparrot.gif in Resources */ = {isa = PBXBuildFile; fileRef = 33DC4B711D78754500E0DB7F /* middleparrot.gif */; };
		33DC4B921D78754500E0DB7F /* oldtimeyparrot.gif in Resources */ = {isa = PBXBuildFile; fileRef = 33DC4B721D78754500E0DB7F /* oldtimeyparrot.gif */; };
		33DC4B931D78754500E0DB7F /* parrot.gif in Resources */ = {isa = PBXBuildFile; fileRef = 33DC4B731D78754500E0DB7F /* parrot.gif */; };
		33DC4B941D78754500E0DB7F /* parrotcop.gif in Resources */ = {isa = PBXBuildFile; fileRef = 33DC4B741D78754500E0DB7F /* parrotcop.gif */; };
		33DC4B951D78754500E0DB7F /* parrotdad.gif in Resources */ = {isa = PBXBuildFile; fileRef = 33DC4B751D78754500E0DB7F /* parrotdad.gif */; };
		33DC4B961D78754500E0DB7F /* parrotwave1.gif in Resources */ = {isa = PBXBuildFile; fileRef = 33DC4B761D78754500E0DB7F /* parrotwave1.gif */; };
		33DC4B971D78754500E0DB7F /* parrotwave2.gif in Resources */ = {isa = PBXBuildFile; fileRef = 33DC4B771D78754500E0DB7F /* parrotwave2.gif */; };
		33DC4B981D78754500E0DB7F /* parrotwave3.gif in Resources */ = {isa = PBXBuildFile; fileRef = 33DC4B781D78754500E0DB7F /* parrotwave3.gif */; };
		33DC4B991D78754500E0DB7F /* parrotwave4.gif in Resources */ = {isa = PBXBuildFile; fileRef = 33DC4B791D78754500E0DB7F /* parrotwave4.gif */; };
		33DC4B9A1D78754500E0DB7F /* parrotwave5.gif in Resources */ = {isa = PBXBuildFile; fileRef = 33DC4B7A1D78754500E0DB7F /* parrotwave5.gif */; };
		33DC4B9B1D78754500E0DB7F /* parrotwave6.gif in Resources */ = {isa = PBXBuildFile; fileRef = 33DC4B7B1D78754500E0DB7F /* parrotwave6.gif */; };
		33DC4B9C1D78754500E0DB7F /* parrotwave7.gif in Resources */ = {isa = PBXBuildFile; fileRef = 33DC4B7C1D78754500E0DB7F /* parrotwave7.gif */; };
		33DC4B9D1D78754500E0DB7F /* partyparrot.gif in Resources */ = {isa = PBXBuildFile; fileRef = 33DC4B7D1D78754500E0DB7F /* partyparrot.gif */; };
		33DC4B9E1D78754500E0DB7F /* reversecongaparrot.gif in Resources */ = {isa = PBXBuildFile; fileRef = 33DC4B7E1D78754500E0DB7F /* reversecongaparrot.gif */; };
		33DC4B9F1D78754500E0DB7F /* rightparrot.gif in Resources */ = {isa = PBXBuildFile; fileRef = 33DC4B7F1D78754500E0DB7F /* rightparrot.gif */; };
		33DC4BA01D78754500E0DB7F /* sadparrot.gif in Resources */ = {isa = PBXBuildFile; fileRef = 33DC4B801D78754500E0DB7F /* sadparrot.gif */; };
		33DC4BA11D78754500E0DB7F /* shufflefurtherparrot.gif in Resources */ = {isa = PBXBuildFile; fileRef = 33DC4B811D78754500E0DB7F /* shufflefurtherparrot.gif */; };
		33DC4BA21D78754500E0DB7F /* shuffleparrot.gif in Resources */ = {isa = PBXBuildFile; fileRef = 33DC4B821D78754500E0DB7F /* shuffleparrot.gif */; };
		33DC4BA31D78754500E0DB7F /* shufflepartyparrot.gif in Resources */ = {isa = PBXBuildFile; fileRef = 33DC4B831D78754500E0DB7F /* shufflepartyparrot.gif */; };
		33DC4BA41D78754500E0DB7F /* slowparrot.gif in Resources */ = {isa = PBXBuildFile; fileRef = 33DC4B841D78754500E0DB7F /* slowparrot.gif */; };
		33DC4BA71D7875A100E0DB7F /* UIImage+GIF.swift in Sources */ = {isa = PBXBuildFile; fileRef = 33DC4BA61D7875A100E0DB7F /* UIImage+GIF.swift */; };
		33DC4BA91D78792800E0DB7F /* GreatestCommonDenominator.swift in Sources */ = {isa = PBXBuildFile; fileRef = 33DC4BA81D78792800E0DB7F /* GreatestCommonDenominator.swift */; };
/* End PBXBuildFile section */

/* Begin PBXContainerItemProxy section */
		336C7B1A1D61680D0037150A /* PBXContainerItemProxy */ = {
			isa = PBXContainerItemProxy;
			containerPortal = 336C7AEC1D6167AC0037150A /* Project object */;
			proxyType = 1;
			remoteGlobalIDString = 336C7B0C1D61680D0037150A;
			remoteInfo = NotificationContent;
		};
		336C7B2A1D6168330037150A /* PBXContainerItemProxy */ = {
			isa = PBXContainerItemProxy;
			containerPortal = 336C7AEC1D6167AC0037150A /* Project object */;
			proxyType = 1;
			remoteGlobalIDString = 336C7B241D6168330037150A;
			remoteInfo = NotificationService;
		};
/* End PBXContainerItemProxy section */

/* Begin PBXCopyFilesBuildPhase section */
		336C7B201D61680D0037150A /* Embed App Extensions */ = {
			isa = PBXCopyFilesBuildPhase;
			buildActionMask = 2147483647;
			dstPath = "";
			dstSubfolderSpec = 13;
			files = (
				336C7B1C1D61680D0037150A /* NotificationContent.appex in Embed App Extensions */,
				336C7B2C1D6168330037150A /* NotificationService.appex in Embed App Extensions */,
			);
			name = "Embed App Extensions";
			runOnlyForDeploymentPostprocessing = 0;
		};
		336C7B4F1D6168F50037150A /* Embed Frameworks */ = {
			isa = PBXCopyFilesBuildPhase;
			buildActionMask = 2147483647;
			dstPath = "";
			dstSubfolderSpec = 10;
			files = (
			);
			name = "Embed Frameworks";
			runOnlyForDeploymentPostprocessing = 0;
		};
/* End PBXCopyFilesBuildPhase section */

/* Begin PBXFileReference section */
		3314C5021D77DFED00F5549E /* iOS10NotificationHandler.swift */ = {isa = PBXFileReference; fileEncoding = 4; lastKnownFileType = sourcecode.swift; path = iOS10NotificationHandler.swift; sourceTree = "<group>"; };
		3314C5031D77DFED00F5549E /* iOS9AndBelowNotificationHandler.swift */ = {isa = PBXFileReference; fileEncoding = 4; lastKnownFileType = sourcecode.swift; path = iOS9AndBelowNotificationHandler.swift; sourceTree = "<group>"; };
		3314C5041D77DFED00F5549E /* VersionSpecificNotificationHandler.swift */ = {isa = PBXFileReference; fileEncoding = 4; lastKnownFileType = sourcecode.swift; path = VersionSpecificNotificationHandler.swift; sourceTree = "<group>"; };
		3314C5091D7859F000F5549E /* ParrotAPIController.swift */ = {isa = PBXFileReference; fileEncoding = 4; lastKnownFileType = sourcecode.swift; path = ParrotAPIController.swift; sourceTree = "<group>"; };
		3314C50B1D785B1B00F5549E /* ParrotAction.swift */ = {isa = PBXFileReference; fileEncoding = 4; lastKnownFileType = sourcecode.swift; path = ParrotAction.swift; sourceTree = "<group>"; };
		3314C50E1D785B7700F5549E /* PartyParrot.swift */ = {isa = PBXFileReference; fileEncoding = 4; lastKnownFileType = sourcecode.swift; path = PartyParrot.swift; sourceTree = "<group>"; };
		336C7AF41D6167AC0037150A /* NotificationSample.app */ = {isa = PBXFileReference; explicitFileType = wrapper.application; includeInIndex = 0; path = NotificationSample.app; sourceTree = BUILT_PRODUCTS_DIR; };
		336C7AF71D6167AC0037150A /* AppDelegate.swift */ = {isa = PBXFileReference; lastKnownFileType = sourcecode.swift; path = AppDelegate.swift; sourceTree = "<group>"; };
		336C7AFC1D6167AC0037150A /* Base */ = {isa = PBXFileReference; lastKnownFileType = file.storyboard; name = Base; path = Base.lproj/Main.storyboard; sourceTree = "<group>"; };
		336C7AFE1D6167AC0037150A /* Assets.xcassets */ = {isa = PBXFileReference; lastKnownFileType = folder.assetcatalog; path = Assets.xcassets; sourceTree = "<group>"; };
		336C7B011D6167AC0037150A /* Base */ = {isa = PBXFileReference; lastKnownFileType = file.storyboard; name = Base; path = Base.lproj/LaunchScreen.storyboard; sourceTree = "<group>"; };
		336C7B031D6167AC0037150A /* Info.plist */ = {isa = PBXFileReference; lastKnownFileType = text.plist.xml; path = Info.plist; sourceTree = "<group>"; };
		336C7B0D1D61680D0037150A /* NotificationContent.appex */ = {isa = PBXFileReference; explicitFileType = "wrapper.app-extension"; includeInIndex = 0; path = NotificationContent.appex; sourceTree = BUILT_PRODUCTS_DIR; };
		336C7B0F1D61680D0037150A /* UserNotifications.framework */ = {isa = PBXFileReference; lastKnownFileType = wrapper.framework; name = UserNotifications.framework; path = System/Library/Frameworks/UserNotifications.framework; sourceTree = SDKROOT; };
		336C7B111D61680D0037150A /* UserNotificationsUI.framework */ = {isa = PBXFileReference; lastKnownFileType = wrapper.framework; name = UserNotificationsUI.framework; path = System/Library/Frameworks/UserNotificationsUI.framework; sourceTree = SDKROOT; };
		336C7B141D61680D0037150A /* NotificationViewController.swift */ = {isa = PBXFileReference; lastKnownFileType = sourcecode.swift; path = NotificationViewController.swift; sourceTree = "<group>"; };
		336C7B171D61680D0037150A /* Base */ = {isa = PBXFileReference; lastKnownFileType = file.storyboard; name = Base; path = Base.lproj/MainInterface.storyboard; sourceTree = "<group>"; };
		336C7B191D61680D0037150A /* Info.plist */ = {isa = PBXFileReference; lastKnownFileType = text.plist.xml; path = Info.plist; sourceTree = "<group>"; };
		336C7B251D6168330037150A /* NotificationService.appex */ = {isa = PBXFileReference; explicitFileType = "wrapper.app-extension"; includeInIndex = 0; path = NotificationService.appex; sourceTree = BUILT_PRODUCTS_DIR; };
		336C7B271D6168330037150A /* NotificationService.swift */ = {isa = PBXFileReference; lastKnownFileType = sourcecode.swift; path = NotificationService.swift; sourceTree = "<group>"; };
		336C7B291D6168330037150A /* Info.plist */ = {isa = PBXFileReference; lastKnownFileType = text.plist.xml; path = Info.plist; sourceTree = "<group>"; };
		33DC4B5D1D7862F900E0DB7F /* Party.swift */ = {isa = PBXFileReference; fileEncoding = 4; lastKnownFileType = sourcecode.swift; path = Party.swift; sourceTree = "<group>"; };
		33DC4B601D7864F800E0DB7F /* ViewController.swift */ = {isa = PBXFileReference; fileEncoding = 4; lastKnownFileType = sourcecode.swift; path = ViewController.swift; sourceTree = "<group>"; };
		33DC4B621D78650600E0DB7F /* NotificationPromptViewController.swift */ = {isa = PBXFileReference; fileEncoding = 4; lastKnownFileType = sourcecode.swift; path = NotificationPromptViewController.swift; sourceTree = "<group>"; };
		33DC4B651D78754500E0DB7F /* aussiecongaparrot.gif */ = {isa = PBXFileReference; lastKnownFileType = image.gif; path = aussiecongaparrot.gif; sourceTree = "<group>"; };
		33DC4B661D78754500E0DB7F /* aussieparrot.gif */ = {isa = PBXFileReference; lastKnownFileType = image.gif; path = aussieparrot.gif; sourceTree = "<group>"; };
		33DC4B671D78754500E0DB7F /* aussiereversecongaparrot.gif */ = {isa = PBXFileReference; lastKnownFileType = image.gif; path = aussiereversecongaparrot.gif; sourceTree = "<group>"; };
		33DC4B681D78754500E0DB7F /* boredparrot.gif */ = {isa = PBXFileReference; lastKnownFileType = image.gif; path = boredparrot.gif; sourceTree = "<group>"; };
		33DC4B691D78754500E0DB7F /* chillparrot.gif */ = {isa = PBXFileReference; lastKnownFileType = image.gif; path = chillparrot.gif; sourceTree = "<group>"; };
		33DC4B6A1D78754500E0DB7F /* congaparrot.gif */ = {isa = PBXFileReference; lastKnownFileType = image.gif; path = congaparrot.gif; sourceTree = "<group>"; };
		33DC4B6B1D78754500E0DB7F /* dealwithitparrot.gif */ = {isa = PBXFileReference; lastKnownFileType = image.gif; path = dealwithitparrot.gif; sourceTree = "<group>"; };
		33DC4B6C1D78754500E0DB7F /* explodyparrot.gif */ = {isa = PBXFileReference; lastKnownFileType = image.gif; path = explodyparrot.gif; sourceTree = "<group>"; };
		33DC4B6D1D78754500E0DB7F /* fastparrot.gif */ = {isa = PBXFileReference; lastKnownFileType = image.gif; path = fastparrot.gif; sourceTree = "<group>"; };
		33DC4B6E1D78754500E0DB7F /* fiestaparrot.gif */ = {isa = PBXFileReference; lastKnownFileType = image.gif; path = fiestaparrot.gif; sourceTree = "<group>"; };
		33DC4B6F1D78754500E0DB7F /* gothparrot.gif */ = {isa = PBXFileReference; lastKnownFileType = image.gif; path = gothparrot.gif; sourceTree = "<group>"; };
		33DC4B701D78754500E0DB7F /* ice-cream-parrot.gif */ = {isa = PBXFileReference; lastKnownFileType = image.gif; path = "ice-cream-parrot.gif"; sourceTree = "<group>"; };
		33DC4B711D78754500E0DB7F /* middleparrot.gif */ = {isa = PBXFileReference; lastKnownFileType = image.gif; path = middleparrot.gif; sourceTree = "<group>"; };
		33DC4B721D78754500E0DB7F /* oldtimeyparrot.gif */ = {isa = PBXFileReference; lastKnownFileType = image.gif; path = oldtimeyparrot.gif; sourceTree = "<group>"; };
		33DC4B731D78754500E0DB7F /* parrot.gif */ = {isa = PBXFileReference; lastKnownFileType = image.gif; path = parrot.gif; sourceTree = "<group>"; };
		33DC4B741D78754500E0DB7F /* parrotcop.gif */ = {isa = PBXFileReference; lastKnownFileType = image.gif; path = parrotcop.gif; sourceTree = "<group>"; };
		33DC4B751D78754500E0DB7F /* parrotdad.gif */ = {isa = PBXFileReference; lastKnownFileType = image.gif; path = parrotdad.gif; sourceTree = "<group>"; };
		33DC4B761D78754500E0DB7F /* parrotwave1.gif */ = {isa = PBXFileReference; lastKnownFileType = image.gif; path = parrotwave1.gif; sourceTree = "<group>"; };
		33DC4B771D78754500E0DB7F /* parrotwave2.gif */ = {isa = PBXFileReference; lastKnownFileType = image.gif; path = parrotwave2.gif; sourceTree = "<group>"; };
		33DC4B781D78754500E0DB7F /* parrotwave3.gif */ = {isa = PBXFileReference; lastKnownFileType = image.gif; path = parrotwave3.gif; sourceTree = "<group>"; };
		33DC4B791D78754500E0DB7F /* parrotwave4.gif */ = {isa = PBXFileReference; lastKnownFileType = image.gif; path = parrotwave4.gif; sourceTree = "<group>"; };
		33DC4B7A1D78754500E0DB7F /* parrotwave5.gif */ = {isa = PBXFileReference; lastKnownFileType = image.gif; path = parrotwave5.gif; sourceTree = "<group>"; };
		33DC4B7B1D78754500E0DB7F /* parrotwave6.gif */ = {isa = PBXFileReference; lastKnownFileType = image.gif; path = parrotwave6.gif; sourceTree = "<group>"; };
		33DC4B7C1D78754500E0DB7F /* parrotwave7.gif */ = {isa = PBXFileReference; lastKnownFileType = image.gif; path = parrotwave7.gif; sourceTree = "<group>"; };
		33DC4B7D1D78754500E0DB7F /* partyparrot.gif */ = {isa = PBXFileReference; lastKnownFileType = image.gif; path = partyparrot.gif; sourceTree = "<group>"; };
		33DC4B7E1D78754500E0DB7F /* reversecongaparrot.gif */ = {isa = PBXFileReference; lastKnownFileType = image.gif; path = reversecongaparrot.gif; sourceTree = "<group>"; };
		33DC4B7F1D78754500E0DB7F /* rightparrot.gif */ = {isa = PBXFileReference; lastKnownFileType = image.gif; path = rightparrot.gif; sourceTree = "<group>"; };
		33DC4B801D78754500E0DB7F /* sadparrot.gif */ = {isa = PBXFileReference; lastKnownFileType = image.gif; path = sadparrot.gif; sourceTree = "<group>"; };
		33DC4B811D78754500E0DB7F /* shufflefurtherparrot.gif */ = {isa = PBXFileReference; lastKnownFileType = image.gif; path = shufflefurtherparrot.gif; sourceTree = "<group>"; };
		33DC4B821D78754500E0DB7F /* shuffleparrot.gif */ = {isa = PBXFileReference; lastKnownFileType = image.gif; path = shuffleparrot.gif; sourceTree = "<group>"; };
		33DC4B831D78754500E0DB7F /* shufflepartyparrot.gif */ = {isa = PBXFileReference; lastKnownFileType = image.gif; path = shufflepartyparrot.gif; sourceTree = "<group>"; };
		33DC4B841D78754500E0DB7F /* slowparrot.gif */ = {isa = PBXFileReference; lastKnownFileType = image.gif; path = slowparrot.gif; sourceTree = "<group>"; };
		33DC4BA61D7875A100E0DB7F /* UIImage+GIF.swift */ = {isa = PBXFileReference; fileEncoding = 4; lastKnownFileType = sourcecode.swift; path = "UIImage+GIF.swift"; sourceTree = "<group>"; };
		33DC4BA81D78792800E0DB7F /* GreatestCommonDenominator.swift */ = {isa = PBXFileReference; fileEncoding = 4; lastKnownFileType = sourcecode.swift; path = GreatestCommonDenominator.swift; sourceTree = "<group>"; };
/* End PBXFileReference section */

/* Begin PBXFrameworksBuildPhase section */
		336C7AF11D6167AC0037150A /* Frameworks */ = {
			isa = PBXFrameworksBuildPhase;
			buildActionMask = 2147483647;
			files = (
			);
			runOnlyForDeploymentPostprocessing = 0;
		};
		336C7B0A1D61680D0037150A /* Frameworks */ = {
			isa = PBXFrameworksBuildPhase;
			buildActionMask = 2147483647;
			files = (
				336C7B121D61680D0037150A /* UserNotificationsUI.framework in Frameworks */,
				336C7B101D61680D0037150A /* UserNotifications.framework in Frameworks */,
			);
			runOnlyForDeploymentPostprocessing = 0;
		};
		336C7B221D6168330037150A /* Frameworks */ = {
			isa = PBXFrameworksBuildPhase;
			buildActionMask = 2147483647;
			files = (
			);
			runOnlyForDeploymentPostprocessing = 0;
		};
/* End PBXFrameworksBuildPhase section */

/* Begin PBXGroup section */
		3314C5011D77DFED00F5549E /* NotificationHandling */ = {
			isa = PBXGroup;
			children = (
				3314C5041D77DFED00F5549E /* VersionSpecificNotificationHandler.swift */,
				3314C5031D77DFED00F5549E /* iOS9AndBelowNotificationHandler.swift */,
				3314C5021D77DFED00F5549E /* iOS10NotificationHandler.swift */,
				3314C50B1D785B1B00F5549E /* ParrotAction.swift */,
			);
			path = NotificationHandling;
			sourceTree = "<group>";
		};
		3314C5081D7859E500F5549E /* Networking */ = {
			isa = PBXGroup;
			children = (
				3314C5091D7859F000F5549E /* ParrotAPIController.swift */,
			);
			path = Networking;
			sourceTree = "<group>";
		};
		3314C50D1D785B6A00F5549E /* Models */ = {
			isa = PBXGroup;
			children = (
				3314C50E1D785B7700F5549E /* PartyParrot.swift */,
				33DC4B5D1D7862F900E0DB7F /* Party.swift */,
				33DC4BA81D78792800E0DB7F /* GreatestCommonDenominator.swift */,
			);
			path = Models;
			sourceTree = "<group>";
		};
		336C7AEB1D6167AC0037150A = {
			isa = PBXGroup;
			children = (
				336C7AF61D6167AC0037150A /* NotificationSample */,
				336C7B131D61680D0037150A /* NotificationContent */,
				336C7B261D6168330037150A /* NotificationService */,
				336C7B0E1D61680D0037150A /* Frameworks */,
				336C7AF51D6167AC0037150A /* Products */,
			);
			sourceTree = "<group>";
		};
		336C7AF51D6167AC0037150A /* Products */ = {
			isa = PBXGroup;
			children = (
				336C7AF41D6167AC0037150A /* NotificationSample.app */,
				336C7B0D1D61680D0037150A /* NotificationContent.appex */,
				336C7B251D6168330037150A /* NotificationService.appex */,
			);
			name = Products;
			sourceTree = "<group>";
		};
		336C7AF61D6167AC0037150A /* NotificationSample */ = {
			isa = PBXGroup;
			children = (
				336C7AF71D6167AC0037150A /* AppDelegate.swift */,
				33DC4BA51D78759100E0DB7F /* Extensions */,
				3314C50D1D785B6A00F5549E /* Models */,
				3314C5081D7859E500F5549E /* Networking */,
				3314C5011D77DFED00F5549E /* NotificationHandling */,
				33DC4B5F1D7864F800E0DB7F /* ViewControllers */,
				336C7AFB1D6167AC0037150A /* Main.storyboard */,
				33DC4B641D78754500E0DB7F /* parrots */,
				336C7AFE1D6167AC0037150A /* Assets.xcassets */,
				336C7B001D6167AC0037150A /* LaunchScreen.storyboard */,
				336C7B031D6167AC0037150A /* Info.plist */,
			);
			path = NotificationSample;
			sourceTree = "<group>";
		};
		336C7B0E1D61680D0037150A /* Frameworks */ = {
			isa = PBXGroup;
			children = (
				336C7B0F1D61680D0037150A /* UserNotifications.framework */,
				336C7B111D61680D0037150A /* UserNotificationsUI.framework */,
			);
			name = Frameworks;
			sourceTree = "<group>";
		};
		336C7B131D61680D0037150A /* NotificationContent */ = {
			isa = PBXGroup;
			children = (
				336C7B141D61680D0037150A /* NotificationViewController.swift */,
				336C7B161D61680D0037150A /* MainInterface.storyboard */,
				336C7B191D61680D0037150A /* Info.plist */,
			);
			path = NotificationContent;
			sourceTree = "<group>";
		};
		336C7B261D6168330037150A /* NotificationService */ = {
			isa = PBXGroup;
			children = (
				336C7B271D6168330037150A /* NotificationService.swift */,
				336C7B291D6168330037150A /* Info.plist */,
			);
			path = NotificationService;
			sourceTree = "<group>";
		};
		33DC4B5F1D7864F800E0DB7F /* ViewControllers */ = {
			isa = PBXGroup;
			children = (
				33DC4B601D7864F800E0DB7F /* ViewController.swift */,
				33DC4B621D78650600E0DB7F /* NotificationPromptViewController.swift */,
			);
			path = ViewControllers;
			sourceTree = "<group>";
		};
		33DC4B641D78754500E0DB7F /* parrots */ = {
			isa = PBXGroup;
			children = (
				33DC4B651D78754500E0DB7F /* aussiecongaparrot.gif */,
				33DC4B661D78754500E0DB7F /* aussieparrot.gif */,
				33DC4B671D78754500E0DB7F /* aussiereversecongaparrot.gif */,
				33DC4B681D78754500E0DB7F /* boredparrot.gif */,
				33DC4B691D78754500E0DB7F /* chillparrot.gif */,
				33DC4B6A1D78754500E0DB7F /* congaparrot.gif */,
				33DC4B6B1D78754500E0DB7F /* dealwithitparrot.gif */,
				33DC4B6C1D78754500E0DB7F /* explodyparrot.gif */,
				33DC4B6D1D78754500E0DB7F /* fastparrot.gif */,
				33DC4B6E1D78754500E0DB7F /* fiestaparrot.gif */,
				33DC4B6F1D78754500E0DB7F /* gothparrot.gif */,
				33DC4B701D78754500E0DB7F /* ice-cream-parrot.gif */,
				33DC4B711D78754500E0DB7F /* middleparrot.gif */,
				33DC4B721D78754500E0DB7F /* oldtimeyparrot.gif */,
				33DC4B731D78754500E0DB7F /* parrot.gif */,
				33DC4B741D78754500E0DB7F /* parrotcop.gif */,
				33DC4B751D78754500E0DB7F /* parrotdad.gif */,
				33DC4B761D78754500E0DB7F /* parrotwave1.gif */,
				33DC4B771D78754500E0DB7F /* parrotwave2.gif */,
				33DC4B781D78754500E0DB7F /* parrotwave3.gif */,
				33DC4B791D78754500E0DB7F /* parrotwave4.gif */,
				33DC4B7A1D78754500E0DB7F /* parrotwave5.gif */,
				33DC4B7B1D78754500E0DB7F /* parrotwave6.gif */,
				33DC4B7C1D78754500E0DB7F /* parrotwave7.gif */,
				33DC4B7D1D78754500E0DB7F /* partyparrot.gif */,
				33DC4B7E1D78754500E0DB7F /* reversecongaparrot.gif */,
				33DC4B7F1D78754500E0DB7F /* rightparrot.gif */,
				33DC4B801D78754500E0DB7F /* sadparrot.gif */,
				33DC4B811D78754500E0DB7F /* shufflefurtherparrot.gif */,
				33DC4B821D78754500E0DB7F /* shuffleparrot.gif */,
				33DC4B831D78754500E0DB7F /* shufflepartyparrot.gif */,
				33DC4B841D78754500E0DB7F /* slowparrot.gif */,
			);
			path = parrots;
			sourceTree = "<group>";
		};
		33DC4BA51D78759100E0DB7F /* Extensions */ = {
			isa = PBXGroup;
			children = (
				33DC4BA61D7875A100E0DB7F /* UIImage+GIF.swift */,
			);
			path = Extensions;
			sourceTree = "<group>";
		};
/* End PBXGroup section */

/* Begin PBXNativeTarget section */
		336C7AF31D6167AC0037150A /* NotificationSample */ = {
			isa = PBXNativeTarget;
			buildConfigurationList = 336C7B061D6167AC0037150A /* Build configuration list for PBXNativeTarget "NotificationSample" */;
			buildPhases = (
				336C7AF01D6167AC0037150A /* Sources */,
				336C7AF11D6167AC0037150A /* Frameworks */,
				336C7AF21D6167AC0037150A /* Resources */,
				336C7B201D61680D0037150A /* Embed App Extensions */,
				336C7B4F1D6168F50037150A /* Embed Frameworks */,
			);
			buildRules = (
			);
			dependencies = (
				336C7B1B1D61680D0037150A /* PBXTargetDependency */,
				336C7B2B1D6168330037150A /* PBXTargetDependency */,
			);
			name = NotificationSample;
			productName = NotificationSample;
			productReference = 336C7AF41D6167AC0037150A /* NotificationSample.app */;
			productType = "com.apple.product-type.application";
		};
		336C7B0C1D61680D0037150A /* NotificationContent */ = {
			isa = PBXNativeTarget;
			buildConfigurationList = 336C7B1D1D61680D0037150A /* Build configuration list for PBXNativeTarget "NotificationContent" */;
			buildPhases = (
				336C7B091D61680D0037150A /* Sources */,
				336C7B0A1D61680D0037150A /* Frameworks */,
				336C7B0B1D61680D0037150A /* Resources */,
			);
			buildRules = (
			);
			dependencies = (
			);
			name = NotificationContent;
			productName = NotificationContent;
			productReference = 336C7B0D1D61680D0037150A /* NotificationContent.appex */;
			productType = "com.apple.product-type.app-extension";
		};
		336C7B241D6168330037150A /* NotificationService */ = {
			isa = PBXNativeTarget;
			buildConfigurationList = 336C7B2D1D6168330037150A /* Build configuration list for PBXNativeTarget "NotificationService" */;
			buildPhases = (
				336C7B211D6168330037150A /* Sources */,
				336C7B221D6168330037150A /* Frameworks */,
				336C7B231D6168330037150A /* Resources */,
			);
			buildRules = (
			);
			dependencies = (
			);
			name = NotificationService;
			productName = NotificationService;
			productReference = 336C7B251D6168330037150A /* NotificationService.appex */;
			productType = "com.apple.product-type.app-extension";
		};
/* End PBXNativeTarget section */

/* Begin PBXProject section */
		336C7AEC1D6167AC0037150A /* Project object */ = {
			isa = PBXProject;
			attributes = {
				LastSwiftUpdateCheck = 0800;
				LastUpgradeCheck = 0800;
				ORGANIZATIONNAME = "Designated Nerd Software";
				TargetAttributes = {
					336C7AF31D6167AC0037150A = {
						CreatedOnToolsVersion = 8.0;
						DevelopmentTeam = 4U392EMNT3;
						ProvisioningStyle = Automatic;
					};
					336C7B0C1D61680D0037150A = {
						CreatedOnToolsVersion = 8.0;
						DevelopmentTeam = 4U392EMNT3;
						ProvisioningStyle = Automatic;
					};
					336C7B241D6168330037150A = {
						CreatedOnToolsVersion = 8.0;
						DevelopmentTeam = 4U392EMNT3;
						ProvisioningStyle = Automatic;
					};
				};
			};
			buildConfigurationList = 336C7AEF1D6167AC0037150A /* Build configuration list for PBXProject "NotificationSample" */;
			compatibilityVersion = "Xcode 3.2";
			developmentRegion = English;
			hasScannedForEncodings = 0;
			knownRegions = (
				en,
				Base,
			);
			mainGroup = 336C7AEB1D6167AC0037150A;
			productRefGroup = 336C7AF51D6167AC0037150A /* Products */;
			projectDirPath = "";
			projectRoot = "";
			targets = (
				336C7AF31D6167AC0037150A /* NotificationSample */,
				336C7B0C1D61680D0037150A /* NotificationContent */,
				336C7B241D6168330037150A /* NotificationService */,
			);
		};
/* End PBXProject section */

/* Begin PBXResourcesBuildPhase section */
		336C7AF21D6167AC0037150A /* Resources */ = {
			isa = PBXResourcesBuildPhase;
			buildActionMask = 2147483647;
			files = (
				33DC4B9A1D78754500E0DB7F /* parrotwave5.gif in Resources */,
				33DC4BA11D78754500E0DB7F /* shufflefurtherparrot.gif in Resources */,
				33DC4B961D78754500E0DB7F /* parrotwave1.gif in Resources */,
				33DC4BA01D78754500E0DB7F /* sadparrot.gif in Resources */,
				33DC4B8D1D78754500E0DB7F /* fastparrot.gif in Resources */,
				33DC4B881D78754500E0DB7F /* boredparrot.gif in Resources */,
				33DC4B931D78754500E0DB7F /* parrot.gif in Resources */,
				33DC4B971D78754500E0DB7F /* parrotwave2.gif in Resources */,
				33DC4B921D78754500E0DB7F /* oldtimeyparrot.gif in Resources */,
				33DC4B8F1D78754500E0DB7F /* gothparrot.gif in Resources */,
				336C7B021D6167AC0037150A /* LaunchScreen.storyboard in Resources */,
				33DC4B981D78754500E0DB7F /* parrotwave3.gif in Resources */,
				33DC4B9B1D78754500E0DB7F /* parrotwave6.gif in Resources */,
				33DC4B8A1D78754500E0DB7F /* congaparrot.gif in Resources */,
				33DC4B8C1D78754500E0DB7F /* explodyparrot.gif in Resources */,
				336C7AFF1D6167AC0037150A /* Assets.xcassets in Resources */,
				33DC4B8E1D78754500E0DB7F /* fiestaparrot.gif in Resources */,
				33DC4B9D1D78754500E0DB7F /* partyparrot.gif in Resources */,
				33DC4B951D78754500E0DB7F /* parrotdad.gif in Resources */,
				33DC4B901D78754500E0DB7F /* ice-cream-parrot.gif in Resources */,
				33DC4B861D78754500E0DB7F /* aussieparrot.gif in Resources */,
				336C7AFD1D6167AC0037150A /* Main.storyboard in Resources */,
				33DC4B9E1D78754500E0DB7F /* reversecongaparrot.gif in Resources */,
				33DC4BA31D78754500E0DB7F /* shufflepartyparrot.gif in Resources */,
				33DC4B911D78754500E0DB7F /* middleparrot.gif in Resources */,
				33DC4B991D78754500E0DB7F /* parrotwave4.gif in Resources */,
				33DC4BA41D78754500E0DB7F /* slowparrot.gif in Resources */,
				33DC4B9C1D78754500E0DB7F /* parrotwave7.gif in Resources */,
				33DC4BA21D78754500E0DB7F /* shuffleparrot.gif in Resources */,
				33DC4B871D78754500E0DB7F /* aussiereversecongaparrot.gif in Resources */,
				33DC4B9F1D78754500E0DB7F /* rightparrot.gif in Resources */,
				33DC4B851D78754500E0DB7F /* aussiecongaparrot.gif in Resources */,
				33DC4B891D78754500E0DB7F /* chillparrot.gif in Resources */,
				33DC4B941D78754500E0DB7F /* parrotcop.gif in Resources */,
				33DC4B8B1D78754500E0DB7F /* dealwithitparrot.gif in Resources */,
			);
			runOnlyForDeploymentPostprocessing = 0;
		};
		336C7B0B1D61680D0037150A /* Resources */ = {
			isa = PBXResourcesBuildPhase;
			buildActionMask = 2147483647;
			files = (
				336C7B181D61680D0037150A /* MainInterface.storyboard in Resources */,
			);
			runOnlyForDeploymentPostprocessing = 0;
		};
		336C7B231D6168330037150A /* Resources */ = {
			isa = PBXResourcesBuildPhase;
			buildActionMask = 2147483647;
			files = (
			);
			runOnlyForDeploymentPostprocessing = 0;
		};
/* End PBXResourcesBuildPhase section */

/* Begin PBXSourcesBuildPhase section */
		336C7AF01D6167AC0037150A /* Sources */ = {
			isa = PBXSourcesBuildPhase;
			buildActionMask = 2147483647;
			files = (
				3314C50C1D785B1B00F5549E /* ParrotAction.swift in Sources */,
				3314C50A1D7859F000F5549E /* ParrotAPIController.swift in Sources */,
				33DC4BA91D78792800E0DB7F /* GreatestCommonDenominator.swift in Sources */,
				33DC4BA71D7875A100E0DB7F /* UIImage+GIF.swift in Sources */,
				3314C5051D77DFED00F5549E /* iOS10NotificationHandler.swift in Sources */,
				33DC4B631D78650600E0DB7F /* NotificationPromptViewController.swift in Sources */,
				33DC4B611D7864F800E0DB7F /* ViewController.swift in Sources */,
				33DC4B5E1D7862F900E0DB7F /* Party.swift in Sources */,
				3314C50F1D785B7700F5549E /* PartyParrot.swift in Sources */,
				3314C5071D77DFED00F5549E /* VersionSpecificNotificationHandler.swift in Sources */,
				336C7AF81D6167AC0037150A /* AppDelegate.swift in Sources */,
				3314C5061D77DFED00F5549E /* iOS9AndBelowNotificationHandler.swift in Sources */,
			);
			runOnlyForDeploymentPostprocessing = 0;
		};
		336C7B091D61680D0037150A /* Sources */ = {
			isa = PBXSourcesBuildPhase;
			buildActionMask = 2147483647;
			files = (
				336C7B151D61680D0037150A /* NotificationViewController.swift in Sources */,
			);
			runOnlyForDeploymentPostprocessing = 0;
		};
		336C7B211D6168330037150A /* Sources */ = {
			isa = PBXSourcesBuildPhase;
			buildActionMask = 2147483647;
			files = (
				336C7B281D6168330037150A /* NotificationService.swift in Sources */,
			);
			runOnlyForDeploymentPostprocessing = 0;
		};
/* End PBXSourcesBuildPhase section */

/* Begin PBXTargetDependency section */
		336C7B1B1D61680D0037150A /* PBXTargetDependency */ = {
			isa = PBXTargetDependency;
			target = 336C7B0C1D61680D0037150A /* NotificationContent */;
			targetProxy = 336C7B1A1D61680D0037150A /* PBXContainerItemProxy */;
		};
		336C7B2B1D6168330037150A /* PBXTargetDependency */ = {
			isa = PBXTargetDependency;
			target = 336C7B241D6168330037150A /* NotificationService */;
			targetProxy = 336C7B2A1D6168330037150A /* PBXContainerItemProxy */;
		};
/* End PBXTargetDependency section */

/* Begin PBXVariantGroup section */
		336C7AFB1D6167AC0037150A /* Main.storyboard */ = {
			isa = PBXVariantGroup;
			children = (
				336C7AFC1D6167AC0037150A /* Base */,
			);
			name = Main.storyboard;
			sourceTree = "<group>";
		};
		336C7B001D6167AC0037150A /* LaunchScreen.storyboard */ = {
			isa = PBXVariantGroup;
			children = (
				336C7B011D6167AC0037150A /* Base */,
			);
			name = LaunchScreen.storyboard;
			sourceTree = "<group>";
		};
		336C7B161D61680D0037150A /* MainInterface.storyboard */ = {
			isa = PBXVariantGroup;
			children = (
				336C7B171D61680D0037150A /* Base */,
			);
			name = MainInterface.storyboard;
			sourceTree = "<group>";
		};
/* End PBXVariantGroup section */

/* Begin XCBuildConfiguration section */
		336C7B041D6167AC0037150A /* Debug */ = {
			isa = XCBuildConfiguration;
			buildSettings = {
				ALWAYS_SEARCH_USER_PATHS = NO;
				CLANG_ANALYZER_NONNULL = YES;
				CLANG_CXX_LANGUAGE_STANDARD = "gnu++0x";
				CLANG_CXX_LIBRARY = "libc++";
				CLANG_ENABLE_MODULES = YES;
				CLANG_ENABLE_OBJC_ARC = YES;
				CLANG_WARN_BOOL_CONVERSION = YES;
				CLANG_WARN_CONSTANT_CONVERSION = YES;
				CLANG_WARN_DIRECT_OBJC_ISA_USAGE = YES_ERROR;
				CLANG_WARN_DOCUMENTATION_COMMENTS = YES;
				CLANG_WARN_EMPTY_BODY = YES;
				CLANG_WARN_ENUM_CONVERSION = YES;
				CLANG_WARN_INFINITE_RECURSION = YES;
				CLANG_WARN_INT_CONVERSION = YES;
				CLANG_WARN_OBJC_ROOT_CLASS = YES_ERROR;
				CLANG_WARN_SUSPICIOUS_MOVES = YES;
				CLANG_WARN_UNREACHABLE_CODE = YES;
				CLANG_WARN__DUPLICATE_METHOD_MATCH = YES;
				"CODE_SIGN_IDENTITY[sdk=iphoneos*]" = "iPhone Developer";
				COPY_PHASE_STRIP = NO;
				DEBUG_INFORMATION_FORMAT = dwarf;
				ENABLE_STRICT_OBJC_MSGSEND = YES;
				ENABLE_TESTABILITY = YES;
				GCC_C_LANGUAGE_STANDARD = gnu99;
				GCC_DYNAMIC_NO_PIC = NO;
				GCC_NO_COMMON_BLOCKS = YES;
				GCC_OPTIMIZATION_LEVEL = 0;
				GCC_PREPROCESSOR_DEFINITIONS = (
					"DEBUG=1",
					"$(inherited)",
				);
				GCC_WARN_64_TO_32_BIT_CONVERSION = YES;
				GCC_WARN_ABOUT_RETURN_TYPE = YES_ERROR;
				GCC_WARN_UNDECLARED_SELECTOR = YES;
				GCC_WARN_UNINITIALIZED_AUTOS = YES_AGGRESSIVE;
				GCC_WARN_UNUSED_FUNCTION = YES;
				GCC_WARN_UNUSED_VARIABLE = YES;
				IPHONEOS_DEPLOYMENT_TARGET = 10.0;
				MTL_ENABLE_DEBUG_INFO = YES;
				ONLY_ACTIVE_ARCH = YES;
				SDKROOT = iphoneos;
				SWIFT_ACTIVE_COMPILATION_CONDITIONS = DEBUG;
				SWIFT_OPTIMIZATION_LEVEL = "-Onone";
			};
			name = Debug;
		};
		336C7B051D6167AC0037150A /* Release */ = {
			isa = XCBuildConfiguration;
			buildSettings = {
				ALWAYS_SEARCH_USER_PATHS = NO;
				CLANG_ANALYZER_NONNULL = YES;
				CLANG_CXX_LANGUAGE_STANDARD = "gnu++0x";
				CLANG_CXX_LIBRARY = "libc++";
				CLANG_ENABLE_MODULES = YES;
				CLANG_ENABLE_OBJC_ARC = YES;
				CLANG_WARN_BOOL_CONVERSION = YES;
				CLANG_WARN_CONSTANT_CONVERSION = YES;
				CLANG_WARN_DIRECT_OBJC_ISA_USAGE = YES_ERROR;
				CLANG_WARN_DOCUMENTATION_COMMENTS = YES;
				CLANG_WARN_EMPTY_BODY = YES;
				CLANG_WARN_ENUM_CONVERSION = YES;
				CLANG_WARN_INFINITE_RECURSION = YES;
				CLANG_WARN_INT_CONVERSION = YES;
				CLANG_WARN_OBJC_ROOT_CLASS = YES_ERROR;
				CLANG_WARN_SUSPICIOUS_MOVES = YES;
				CLANG_WARN_UNREACHABLE_CODE = YES;
				CLANG_WARN__DUPLICATE_METHOD_MATCH = YES;
				"CODE_SIGN_IDENTITY[sdk=iphoneos*]" = "iPhone Developer";
				COPY_PHASE_STRIP = NO;
				DEBUG_INFORMATION_FORMAT = "dwarf-with-dsym";
				ENABLE_NS_ASSERTIONS = NO;
				ENABLE_STRICT_OBJC_MSGSEND = YES;
				GCC_C_LANGUAGE_STANDARD = gnu99;
				GCC_NO_COMMON_BLOCKS = YES;
				GCC_WARN_64_TO_32_BIT_CONVERSION = YES;
				GCC_WARN_ABOUT_RETURN_TYPE = YES_ERROR;
				GCC_WARN_UNDECLARED_SELECTOR = YES;
				GCC_WARN_UNINITIALIZED_AUTOS = YES_AGGRESSIVE;
				GCC_WARN_UNUSED_FUNCTION = YES;
				GCC_WARN_UNUSED_VARIABLE = YES;
				IPHONEOS_DEPLOYMENT_TARGET = 10.0;
				MTL_ENABLE_DEBUG_INFO = NO;
				SDKROOT = iphoneos;
				SWIFT_OPTIMIZATION_LEVEL = "-Owholemodule";
				VALIDATE_PRODUCT = YES;
			};
			name = Release;
		};
		336C7B071D6167AC0037150A /* Debug */ = {
			isa = XCBuildConfiguration;
			buildSettings = {
				ALWAYS_EMBED_SWIFT_STANDARD_LIBRARIES = YES;
				ASSETCATALOG_COMPILER_APPICON_NAME = AppIcon;
				DEVELOPMENT_TEAM = 4U392EMNT3;
				INFOPLIST_FILE = NotificationSample/Info.plist;
				IPHONEOS_DEPLOYMENT_TARGET = 9.3;
				LD_RUNPATH_SEARCH_PATHS = "$(inherited) @executable_path/Frameworks";
				PRODUCT_BUNDLE_IDENTIFIER = com.designatednerd.NotificationSample;
				PRODUCT_NAME = "$(TARGET_NAME)";
				SWIFT_VERSION = 3.0;
			};
			name = Debug;
		};
		336C7B081D6167AC0037150A /* Release */ = {
			isa = XCBuildConfiguration;
			buildSettings = {
				ALWAYS_EMBED_SWIFT_STANDARD_LIBRARIES = YES;
				ASSETCATALOG_COMPILER_APPICON_NAME = AppIcon;
				DEVELOPMENT_TEAM = 4U392EMNT3;
				INFOPLIST_FILE = NotificationSample/Info.plist;
				IPHONEOS_DEPLOYMENT_TARGET = 9.3;
				LD_RUNPATH_SEARCH_PATHS = "$(inherited) @executable_path/Frameworks";
				PRODUCT_BUNDLE_IDENTIFIER = com.designatednerd.NotificationSample;
				PRODUCT_NAME = "$(TARGET_NAME)";
				SWIFT_VERSION = 3.0;
			};
			name = Release;
		};
		336C7B1E1D61680D0037150A /* Debug */ = {
			isa = XCBuildConfiguration;
			buildSettings = {
				DEVELOPMENT_TEAM = 4U392EMNT3;
				INFOPLIST_FILE = NotificationContent/Info.plist;
				LD_RUNPATH_SEARCH_PATHS = "$(inherited) @executable_path/Frameworks @executable_path/../../Frameworks";
				PRODUCT_BUNDLE_IDENTIFIER = com.designatednerd.NotificationSample.NotificationContent;
				PRODUCT_NAME = "$(TARGET_NAME)";
				SKIP_INSTALL = YES;
				SWIFT_VERSION = 3.0;
			};
			name = Debug;
		};
		336C7B1F1D61680D0037150A /* Release */ = {
			isa = XCBuildConfiguration;
			buildSettings = {
				DEVELOPMENT_TEAM = 4U392EMNT3;
				INFOPLIST_FILE = NotificationContent/Info.plist;
				LD_RUNPATH_SEARCH_PATHS = "$(inherited) @executable_path/Frameworks @executable_path/../../Frameworks";
				PRODUCT_BUNDLE_IDENTIFIER = com.designatednerd.NotificationSample.NotificationContent;
				PRODUCT_NAME = "$(TARGET_NAME)";
				SKIP_INSTALL = YES;
				SWIFT_VERSION = 3.0;
			};
			name = Release;
		};
		336C7B2E1D6168330037150A /* Debug */ = {
			isa = XCBuildConfiguration;
			buildSettings = {
				DEVELOPMENT_TEAM = 4U392EMNT3;
				INFOPLIST_FILE = NotificationService/Info.plist;
				LD_RUNPATH_SEARCH_PATHS = "$(inherited) @executable_path/Frameworks @executable_path/../../Frameworks";
				PRODUCT_BUNDLE_IDENTIFIER = com.designatednerd.NotificationSample.NotificationService;
				PRODUCT_NAME = "$(TARGET_NAME)";
				SKIP_INSTALL = YES;
				SWIFT_VERSION = 3.0;
			};
			name = Debug;
		};
		336C7B2F1D6168330037150A /* Release */ = {
			isa = XCBuildConfiguration;
			buildSettings = {
				DEVELOPMENT_TEAM = 4U392EMNT3;
				INFOPLIST_FILE = NotificationService/Info.plist;
				LD_RUNPATH_SEARCH_PATHS = "$(inherited) @executable_path/Frameworks @executable_path/../../Frameworks";
				PRODUCT_BUNDLE_IDENTIFIER = com.designatednerd.NotificationSample.NotificationService;
				PRODUCT_NAME = "$(TARGET_NAME)";
				SKIP_INSTALL = YES;
				SWIFT_VERSION = 3.0;
			};
			name = Release;
		};
/* End XCBuildConfiguration section */

/* Begin XCConfigurationList section */
		336C7AEF1D6167AC0037150A /* Build configuration list for PBXProject "NotificationSample" */ = {
			isa = XCConfigurationList;
			buildConfigurations = (
				336C7B041D6167AC0037150A /* Debug */,
				336C7B051D6167AC0037150A /* Release */,
			);
			defaultConfigurationIsVisible = 0;
			defaultConfigurationName = Release;
		};
		336C7B061D6167AC0037150A /* Build configuration list for PBXNativeTarget "NotificationSample" */ = {
			isa = XCConfigurationList;
			buildConfigurations = (
				336C7B071D6167AC0037150A /* Debug */,
				336C7B081D6167AC0037150A /* Release */,
			);
			defaultConfigurationIsVisible = 0;
			defaultConfigurationName = Release;
		};
		336C7B1D1D61680D0037150A /* Build configuration list for PBXNativeTarget "NotificationContent" */ = {
			isa = XCConfigurationList;
			buildConfigurations = (
				336C7B1E1D61680D0037150A /* Debug */,
				336C7B1F1D61680D0037150A /* Release */,
			);
			defaultConfigurationIsVisible = 0;
			defaultConfigurationName = Release;
		};
		336C7B2D1D6168330037150A /* Build configuration list for PBXNativeTarget "NotificationService" */ = {
			isa = XCConfigurationList;
			buildConfigurations = (
				336C7B2E1D6168330037150A /* Debug */,
				336C7B2F1D6168330037150A /* Release */,
			);
			defaultConfigurationIsVisible = 0;
			defaultConfigurationName = Release;
		};
/* End XCConfigurationList section */
	};
	rootObject = 336C7AEC1D6167AC0037150A /* Project object */;
}
