// !$*UTF8*$!
{
	archiveVersion = 1;
	classes = {
	};
	objectVersion = 46;
	objects = {

/* Begin PBXBuildFile section */
		336C7AF81D6167AC0037150A /* AppDelegate.swift in Sources */ = {isa = PBXBuildFile; fileRef = 336C7AF71D6167AC0037150A /* AppDelegate.swift */; };
		336C7AFA1D6167AC0037150A /* ViewController.swift in Sources */ = {isa = PBXBuildFile; fileRef = 336C7AF91D6167AC0037150A /* ViewController.swift */; };
		336C7AFD1D6167AC0037150A /* Main.storyboard in Resources */ = {isa = PBXBuildFile; fileRef = 336C7AFB1D6167AC0037150A /* Main.storyboard */; };
		336C7AFF1D6167AC0037150A /* Assets.xcassets in Resources */ = {isa = PBXBuildFile; fileRef = 336C7AFE1D6167AC0037150A /* Assets.xcassets */; };
		336C7B021D6167AC0037150A /* LaunchScreen.storyboard in Resources */ = {isa = PBXBuildFile; fileRef = 336C7B001D6167AC0037150A /* LaunchScreen.storyboard */; };
/* End PBXBuildFile section */

/* Begin PBXFileReference section */
		336C7AF41D6167AC0037150A /* NotificationSample.app */ = {isa = PBXFileReference; explicitFileType = wrapper.application; includeInIndex = 0; path = NotificationSample.app; sourceTree = BUILT_PRODUCTS_DIR; };
		336C7AF71D6167AC0037150A /* AppDelegate.swift */ = {isa = PBXFileReference; lastKnownFileType = sourcecode.swift; path = AppDelegate.swift; sourceTree = "<group>"; };
		336C7AF91D6167AC0037150A /* ViewController.swift */ = {isa = PBXFileReference; lastKnownFileType = sourcecode.swift; path = ViewController.swift; sourceTree = "<group>"; };
		336C7AFC1D6167AC0037150A /* Base */ = {isa = PBXFileReference; lastKnownFileType = file.storyboard; name = Base; path = Base.lproj/Main.storyboard; sourceTree = "<group>"; };
		336C7AFE1D6167AC0037150A /* Assets.xcassets */ = {isa = PBXFileReference; lastKnownFileType = folder.assetcatalog; path = Assets.xcassets; sourceTree = "<group>"; };
		336C7B011D6167AC0037150A /* Base */ = {isa = PBXFileReference; lastKnownFileType = file.storyboard; name = Base; path = Base.lproj/LaunchScreen.storyboard; sourceTree = "<group>"; };
		336C7B031D6167AC0037150A /* Info.plist */ = {isa = PBXFileReference; lastKnownFileType = text.plist.xml; path = Info.plist; sourceTree = "<group>"; };
/* End PBXFileReference section */

/* Begin PBXFrameworksBuildPhase section */
		336C7AF11D6167AC0037150A /* Frameworks */ = {
			isa = PBXFrameworksBuildPhase;
			buildActionMask = 2147483647;
			files = (
			);
			runOnlyForDeploymentPostprocessing = 0;
		};
/* End PBXFrameworksBuildPhase section */

/* Begin PBXGroup section */
		336C7AEB1D6167AC0037150A = {
			isa = PBXGroup;
			children = (
				336C7AF61D6167AC0037150A /* NotificationSample */,
				336C7AF51D6167AC0037150A /* Products */,
			);
			sourceTree = "<group>";
		};
		336C7AF51D6167AC0037150A /* Products */ = {
			isa = PBXGroup;
			children = (
				336C7AF41D6167AC0037150A /* NotificationSample.app */,
			);
			name = Products;
			sourceTree = "<group>";
		};
		336C7AF61D6167AC0037150A /* NotificationSample */ = {
			isa = PBXGroup;
			children = (
				336C7AF71D6167AC0037150A /* AppDelegate.swift */,
				336C7AF91D6167AC0037150A /* ViewController.swift */,
				336C7AFB1D6167AC0037150A /* Main.storyboard */,
				336C7AFE1D6167AC0037150A /* Assets.xcassets */,
				336C7B001D6167AC0037150A /* LaunchScreen.storyboard */,
				336C7B031D6167AC0037150A /* Info.plist */,
			);
			path = NotificationSample;
			sourceTree = "<group>";
		};
/* End PBXGroup section */

/* Begin PBXNativeTarget section */
		336C7AF31D6167AC0037150A /* NotificationSample */ = {
			isa = PBXNativeTarget;
			buildConfigurationList = 336C7B061D6167AC0037150A /* Build configuration list for PBXNativeTarget "NotificationSample" */;
			buildPhases = (
				336C7AF01D6167AC0037150A /* Sources */,
				336C7AF11D6167AC0037150A /* Frameworks */,
				336C7AF21D6167AC0037150A /* Resources */,
			);
			buildRules = (
			);
			dependencies = (
			);
			name = NotificationSample;
			productName = NotificationSample;
			productReference = 336C7AF41D6167AC0037150A /* NotificationSample.app */;
			productType = "com.apple.product-type.application";
		};
/* End PBXNativeTarget section */

/* Begin PBXProject section */
		336C7AEC1D6167AC0037150A /* Project object */ = {
			isa = PBXProject;
			attributes = {
				LastSwiftUpdateCheck = 0800;
				LastUpgradeCheck = 0800;
				ORGANIZATIONNAME = "Designated Nerd Software";
				TargetAttributes = {
					336C7AF31D6167AC0037150A = {
						CreatedOnToolsVersion = 8.0;
						DevelopmentTeam = 4U392EMNT3;
						ProvisioningStyle = Automatic;
					};
				};
			};
			buildConfigurationList = 336C7AEF1D6167AC0037150A /* Build configuration list for PBXProject "NotificationSample" */;
			compatibilityVersion = "Xcode 3.2";
			developmentRegion = English;
			hasScannedForEncodings = 0;
			knownRegions = (
				en,
				Base,
			);
			mainGroup = 336C7AEB1D6167AC0037150A;
			productRefGroup = 336C7AF51D6167AC0037150A /* Products */;
			projectDirPath = "";
			projectRoot = "";
			targets = (
				336C7AF31D6167AC0037150A /* NotificationSample */,
			);
		};
/* End PBXProject section */

/* Begin PBXResourcesBuildPhase section */
		336C7AF21D6167AC0037150A /* Resources */ = {
			isa = PBXResourcesBuildPhase;
			buildActionMask = 2147483647;
			files = (
				336C7B021D6167AC0037150A /* LaunchScreen.storyboard in Resources */,
				336C7AFF1D6167AC0037150A /* Assets.xcassets in Resources */,
				336C7AFD1D6167AC0037150A /* Main.storyboard in Resources */,
			);
			runOnlyForDeploymentPostprocessing = 0;
		};
/* End PBXResourcesBuildPhase section */

/* Begin PBXSourcesBuildPhase section */
		336C7AF01D6167AC0037150A /* Sources */ = {
			isa = PBXSourcesBuildPhase;
			buildActionMask = 2147483647;
			files = (
				336C7AFA1D6167AC0037150A /* ViewController.swift in Sources */,
				336C7AF81D6167AC0037150A /* AppDelegate.swift in Sources */,
			);
			runOnlyForDeploymentPostprocessing = 0;
		};
/* End PBXSourcesBuildPhase section */

/* Begin PBXVariantGroup section */
		336C7AFB1D6167AC0037150A /* Main.storyboard */ = {
			isa = PBXVariantGroup;
			children = (
				336C7AFC1D6167AC0037150A /* Base */,
			);
			name = Main.storyboard;
			sourceTree = "<group>";
		};
		336C7B001D6167AC0037150A /* LaunchScreen.storyboard */ = {
			isa = PBXVariantGroup;
			children = (
				336C7B011D6167AC0037150A /* Base */,
			);
			name = LaunchScreen.storyboard;
			sourceTree = "<group>";
		};
/* End PBXVariantGroup section */

/* Begin XCBuildConfiguration section */
		336C7B041D6167AC0037150A /* Debug */ = {
			isa = XCBuildConfiguration;
			buildSettings = {
				ALWAYS_SEARCH_USER_PATHS = NO;
				CLANG_ANALYZER_NONNULL = YES;
				CLANG_CXX_LANGUAGE_STANDARD = "gnu++0x";
				CLANG_CXX_LIBRARY = "libc++";
				CLANG_ENABLE_MODULES = YES;
				CLANG_ENABLE_OBJC_ARC = YES;
				CLANG_WARN_BOOL_CONVERSION = YES;
				CLANG_WARN_CONSTANT_CONVERSION = YES;
				CLANG_WARN_DIRECT_OBJC_ISA_USAGE = YES_ERROR;
				CLANG_WARN_DOCUMENTATION_COMMENTS = YES;
				CLANG_WARN_EMPTY_BODY = YES;
				CLANG_WARN_ENUM_CONVERSION = YES;
				CLANG_WARN_INFINITE_RECURSION = YES;
				CLANG_WARN_INT_CONVERSION = YES;
				CLANG_WARN_OBJC_ROOT_CLASS = YES_ERROR;
				CLANG_WARN_SUSPICIOUS_MOVES = YES;
				CLANG_WARN_UNREACHABLE_CODE = YES;
				CLANG_WARN__DUPLICATE_METHOD_MATCH = YES;
				"CODE_SIGN_IDENTITY[sdk=iphoneos*]" = "iPhone Developer";
				COPY_PHASE_STRIP = NO;
				DEBUG_INFORMATION_FORMAT = dwarf;
				ENABLE_STRICT_OBJC_MSGSEND = YES;
				ENABLE_TESTABILITY = YES;
				GCC_C_LANGUAGE_STANDARD = gnu99;
				GCC_DYNAMIC_NO_PIC = NO;
				GCC_NO_COMMON_BLOCKS = YES;
				GCC_OPTIMIZATION_LEVEL = 0;
				GCC_PREPROCESSOR_DEFINITIONS = (
					"DEBUG=1",
					"$(inherited)",
				);
				GCC_WARN_64_TO_32_BIT_CONVERSION = YES;
				GCC_WARN_ABOUT_RETURN_TYPE = YES_ERROR;
				GCC_WARN_UNDECLARED_SELECTOR = YES;
				GCC_WARN_UNINITIALIZED_AUTOS = YES_AGGRESSIVE;
				GCC_WARN_UNUSED_FUNCTION = YES;
				GCC_WARN_UNUSED_VARIABLE = YES;
				IPHONEOS_DEPLOYMENT_TARGET = 10.0;
				MTL_ENABLE_DEBUG_INFO = YES;
				ONLY_ACTIVE_ARCH = YES;
				SDKROOT = iphoneos;
				SWIFT_ACTIVE_COMPILATION_CONDITIONS = DEBUG;
				SWIFT_OPTIMIZATION_LEVEL = "-Onone";
			};
			name = Debug;
		};
		336C7B051D6167AC0037150A /* Release */ = {
			isa = XCBuildConfiguration;
			buildSettings = {
				ALWAYS_SEARCH_USER_PATHS = NO;
				CLANG_ANALYZER_NONNULL = YES;
				CLANG_CXX_LANGUAGE_STANDARD = "gnu++0x";
				CLANG_CXX_LIBRARY = "libc++";
				CLANG_ENABLE_MODULES = YES;
				CLANG_ENABLE_OBJC_ARC = YES;
				CLANG_WARN_BOOL_CONVERSION = YES;
				CLANG_WARN_CONSTANT_CONVERSION = YES;
				CLANG_WARN_DIRECT_OBJC_ISA_USAGE = YES_ERROR;
				CLANG_WARN_DOCUMENTATION_COMMENTS = YES;
				CLANG_WARN_EMPTY_BODY = YES;
				CLANG_WARN_ENUM_CONVERSION = YES;
				CLANG_WARN_INFINITE_RECURSION = YES;
				CLANG_WARN_INT_CONVERSION = YES;
				CLANG_WARN_OBJC_ROOT_CLASS = YES_ERROR;
				CLANG_WARN_SUSPICIOUS_MOVES = YES;
				CLANG_WARN_UNREACHABLE_CODE = YES;
				CLANG_WARN__DUPLICATE_METHOD_MATCH = YES;
				"CODE_SIGN_IDENTITY[sdk=iphoneos*]" = "iPhone Developer";
				COPY_PHASE_STRIP = NO;
				DEBUG_INFORMATION_FORMAT = "dwarf-with-dsym";
				ENABLE_NS_ASSERTIONS = NO;
				ENABLE_STRICT_OBJC_MSGSEND = YES;
				GCC_C_LANGUAGE_STANDARD = gnu99;
				GCC_NO_COMMON_BLOCKS = YES;
				GCC_WARN_64_TO_32_BIT_CONVERSION = YES;
				GCC_WARN_ABOUT_RETURN_TYPE = YES_ERROR;
				GCC_WARN_UNDECLARED_SELECTOR = YES;
				GCC_WARN_UNINITIALIZED_AUTOS = YES_AGGRESSIVE;
				GCC_WARN_UNUSED_FUNCTION = YES;
				GCC_WARN_UNUSED_VARIABLE = YES;
				IPHONEOS_DEPLOYMENT_TARGET = 10.0;
				MTL_ENABLE_DEBUG_INFO = NO;
				SDKROOT = iphoneos;
				SWIFT_OPTIMIZATION_LEVEL = "-Owholemodule";
				VALIDATE_PRODUCT = YES;
			};
			name = Release;
		};
		336C7B071D6167AC0037150A /* Debug */ = {
			isa = XCBuildConfiguration;
			buildSettings = {
				ASSETCATALOG_COMPILER_APPICON_NAME = AppIcon;
				DEVELOPMENT_TEAM = 4U392EMNT3;
				INFOPLIST_FILE = NotificationSample/Info.plist;
				LD_RUNPATH_SEARCH_PATHS = "$(inherited) @executable_path/Frameworks";
				PRODUCT_BUNDLE_IDENTIFIER = com.designatednerd.NotificationSample;
				PRODUCT_NAME = "$(TARGET_NAME)";
				SWIFT_VERSION = 3.0;
			};
			name = Debug;
		};
		336C7B081D6167AC0037150A /* Release */ = {
			isa = XCBuildConfiguration;
			buildSettings = {
				ASSETCATALOG_COMPILER_APPICON_NAME = AppIcon;
				DEVELOPMENT_TEAM = 4U392EMNT3;
				INFOPLIST_FILE = NotificationSample/Info.plist;
				LD_RUNPATH_SEARCH_PATHS = "$(inherited) @executable_path/Frameworks";
				PRODUCT_BUNDLE_IDENTIFIER = com.designatednerd.NotificationSample;
				PRODUCT_NAME = "$(TARGET_NAME)";
				SWIFT_VERSION = 3.0;
			};
			name = Release;
		};
/* End XCBuildConfiguration section */

/* Begin XCConfigurationList section */
		336C7AEF1D6167AC0037150A /* Build configuration list for PBXProject "NotificationSample" */ = {
			isa = XCConfigurationList;
			buildConfigurations = (
				336C7B041D6167AC0037150A /* Debug */,
				336C7B051D6167AC0037150A /* Release */,
			);
			defaultConfigurationIsVisible = 0;
			defaultConfigurationName = Release;
		};
		336C7B061D6167AC0037150A /* Build configuration list for PBXNativeTarget "NotificationSample" */ = {
			isa = XCConfigurationList;
			buildConfigurations = (
				336C7B071D6167AC0037150A /* Debug */,
				336C7B081D6167AC0037150A /* Release */,
			);
			defaultConfigurationIsVisible = 0;
		};
/* End XCConfigurationList section */
	};
	rootObject = 336C7AEC1D6167AC0037150A /* Project object */;
}
