// !$*UTF8*$!
{
	archiveVersion = 1;
	classes = {
	};
	objectVersion = 46;
	objects = {

/* Begin PBXBuildFile section */
		330C20B31EAA995300A68782 /* ParrotCollectionViewCell.xib in Resources */ = {isa = PBXBuildFile; fileRef = 330C20B21EAA995300A68782 /* ParrotCollectionViewCell.xib */; };
		3314C5051D77DFED00F5549E /* iOS10NotificationHandler.swift in Sources */ = {isa = PBXBuildFile; fileRef = 3314C5021D77DFED00F5549E /* iOS10NotificationHandler.swift */; };
		3314C5061D77DFED00F5549E /* iOS9AndBelowNotificationHandler.swift in Sources */ = {isa = PBXBuildFile; fileRef = 3314C5031D77DFED00F5549E /* iOS9AndBelowNotificationHandler.swift */; };
		3314C5071D77DFED00F5549E /* VersionSpecificNotificationHandler.swift in Sources */ = {isa = PBXBuildFile; fileRef = 3314C5041D77DFED00F5549E /* VersionSpecificNotificationHandler.swift */; };
		336C7AF81D6167AC0037150A /* AppDelegate.swift in Sources */ = {isa = PBXBuildFile; fileRef = 336C7AF71D6167AC0037150A /* AppDelegate.swift */; };
		336C7AFD1D6167AC0037150A /* Main.storyboard in Resources */ = {isa = PBXBuildFile; fileRef = 336C7AFB1D6167AC0037150A /* Main.storyboard */; };
		336C7AFF1D6167AC0037150A /* Assets.xcassets in Resources */ = {isa = PBXBuildFile; fileRef = 336C7AFE1D6167AC0037150A /* Assets.xcassets */; };
		336C7B021D6167AC0037150A /* LaunchScreen.storyboard in Resources */ = {isa = PBXBuildFile; fileRef = 336C7B001D6167AC0037150A /* LaunchScreen.storyboard */; };
		336C7B101D61680D0037150A /* UserNotifications.framework in Frameworks */ = {isa = PBXBuildFile; fileRef = 336C7B0F1D61680D0037150A /* UserNotifications.framework */; };
		336C7B121D61680D0037150A /* UserNotificationsUI.framework in Frameworks */ = {isa = PBXBuildFile; fileRef = 336C7B111D61680D0037150A /* UserNotificationsUI.framework */; };
		336C7B151D61680D0037150A /* NotificationViewController.swift in Sources */ = {isa = PBXBuildFile; fileRef = 336C7B141D61680D0037150A /* NotificationViewController.swift */; };
		336C7B181D61680D0037150A /* MainInterface.storyboard in Resources */ = {isa = PBXBuildFile; fileRef = 336C7B161D61680D0037150A /* MainInterface.storyboard */; };
		336C7B1C1D61680D0037150A /* NotificationContent.appex in Embed App Extensions */ = {isa = PBXBuildFile; fileRef = 336C7B0D1D61680D0037150A /* NotificationContent.appex */; settings = {ATTRIBUTES = (RemoveHeadersOnCopy, ); }; };
		336C7B281D6168330037150A /* NotificationService.swift in Sources */ = {isa = PBXBuildFile; fileRef = 336C7B271D6168330037150A /* NotificationService.swift */; };
		336C7B2C1D6168330037150A /* NotificationService.appex in Embed App Extensions */ = {isa = PBXBuildFile; fileRef = 336C7B251D6168330037150A /* NotificationService.appex */; settings = {ATTRIBUTES = (RemoveHeadersOnCopy, ); }; };
		33DC4B611D7864F800E0DB7F /* ViewController.swift in Sources */ = {isa = PBXBuildFile; fileRef = 33DC4B601D7864F800E0DB7F /* ViewController.swift */; };
		33DC4B631D78650600E0DB7F /* NotificationPromptViewController.swift in Sources */ = {isa = PBXBuildFile; fileRef = 33DC4B621D78650600E0DB7F /* NotificationPromptViewController.swift */; };
		33FED1C61EAA62470058DB0F /* ParrotKit.h in Headers */ = {isa = PBXBuildFile; fileRef = 33FED1C41EAA62470058DB0F /* ParrotKit.h */; settings = {ATTRIBUTES = (Public, ); }; };
		33FED1C91EAA62470058DB0F /* ParrotKit.framework in Frameworks */ = {isa = PBXBuildFile; fileRef = 33FED1C21EAA62470058DB0F /* ParrotKit.framework */; };
		33FED1CA1EAA62470058DB0F /* ParrotKit.framework in Embed Frameworks */ = {isa = PBXBuildFile; fileRef = 33FED1C21EAA62470058DB0F /* ParrotKit.framework */; settings = {ATTRIBUTES = (CodeSignOnCopy, RemoveHeadersOnCopy, ); }; };
		33FED1D41EAA625E0058DB0F /* Friends.swift in Sources */ = {isa = PBXBuildFile; fileRef = 33FED1CF1EAA625E0058DB0F /* Friends.swift */; };
		33FED1D51EAA625E0058DB0F /* GreatestCommonDenominator.swift in Sources */ = {isa = PBXBuildFile; fileRef = 33FED1D01EAA625E0058DB0F /* GreatestCommonDenominator.swift */; };
		33FED1D61EAA625E0058DB0F /* ParrotCollectionViewDataSource.swift in Sources */ = {isa = PBXBuildFile; fileRef = 33FED1D11EAA625E0058DB0F /* ParrotCollectionViewDataSource.swift */; };
		33FED1D71EAA625E0058DB0F /* Party.swift in Sources */ = {isa = PBXBuildFile; fileRef = 33FED1D21EAA625E0058DB0F /* Party.swift */; };
		33FED1D81EAA625E0058DB0F /* PartyParrot.swift in Sources */ = {isa = PBXBuildFile; fileRef = 33FED1D31EAA625E0058DB0F /* PartyParrot.swift */; };
		33FED1DB1EAA62740058DB0F /* UIImage+GIF.swift in Sources */ = {isa = PBXBuildFile; fileRef = 33FED1DA1EAA62740058DB0F /* UIImage+GIF.swift */; };
		33FED1DE1EAA628B0058DB0F /* ParrotAPIController.swift in Sources */ = {isa = PBXBuildFile; fileRef = 33FED1DD1EAA628B0058DB0F /* ParrotAPIController.swift */; };
		33FED1E11EAA63F10058DB0F /* ParrotCollectionViewCell.swift in Sources */ = {isa = PBXBuildFile; fileRef = 33FED1E01EAA63F10058DB0F /* ParrotCollectionViewCell.swift */; };
		33FED1E31EAA661B0058DB0F /* ParrotAction.swift in Sources */ = {isa = PBXBuildFile; fileRef = 33FED1E21EAA661B0058DB0F /* ParrotAction.swift */; };
		33FED1E51EAA66950058DB0F /* NotificationCategory.swift in Sources */ = {isa = PBXBuildFile; fileRef = 33FED1E41EAA66950058DB0F /* NotificationCategory.swift */; };
		33FED2071EAA6C990058DB0F /* aussiecongaparrot.gif in Resources */ = {isa = PBXBuildFile; fileRef = 33FED1E71EAA6C990058DB0F /* aussiecongaparrot.gif */; };
		33FED2081EAA6C990058DB0F /* aussieparrot.gif in Resources */ = {isa = PBXBuildFile; fileRef = 33FED1E81EAA6C990058DB0F /* aussieparrot.gif */; };
		33FED2091EAA6C990058DB0F /* aussiereversecongaparrot.gif in Resources */ = {isa = PBXBuildFile; fileRef = 33FED1E91EAA6C990058DB0F /* aussiereversecongaparrot.gif */; };
		33FED20A1EAA6C990058DB0F /* boredparrot.gif in Resources */ = {isa = PBXBuildFile; fileRef = 33FED1EA1EAA6C990058DB0F /* boredparrot.gif */; };
		33FED20B1EAA6C990058DB0F /* chillparrot.gif in Resources */ = {isa = PBXBuildFile; fileRef = 33FED1EB1EAA6C990058DB0F /* chillparrot.gif */; };
		33FED20C1EAA6C990058DB0F /* congaparrot.gif in Resources */ = {isa = PBXBuildFile; fileRef = 33FED1EC1EAA6C990058DB0F /* congaparrot.gif */; };
		33FED20D1EAA6C990058DB0F /* dealwithitparrot.gif in Resources */ = {isa = PBXBuildFile; fileRef = 33FED1ED1EAA6C990058DB0F /* dealwithitparrot.gif */; };
		33FED20E1EAA6C990058DB0F /* explodyparrot.gif in Resources */ = {isa = PBXBuildFile; fileRef = 33FED1EE1EAA6C990058DB0F /* explodyparrot.gif */; };
		33FED20F1EAA6C990058DB0F /* fastparrot.gif in Resources */ = {isa = PBXBuildFile; fileRef = 33FED1EF1EAA6C990058DB0F /* fastparrot.gif */; };
		33FED2101EAA6C990058DB0F /* fiestaparrot.gif in Resources */ = {isa = PBXBuildFile; fileRef = 33FED1F01EAA6C990058DB0F /* fiestaparrot.gif */; };
		33FED2111EAA6C990058DB0F /* gothparrot.gif in Resources */ = {isa = PBXBuildFile; fileRef = 33FED1F11EAA6C990058DB0F /* gothparrot.gif */; };
		33FED2121EAA6C990058DB0F /* ice-cream-parrot.gif in Resources */ = {isa = PBXBuildFile; fileRef = 33FED1F21EAA6C990058DB0F /* ice-cream-parrot.gif */; };
		33FED2131EAA6C990058DB0F /* middleparrot.gif in Resources */ = {isa = PBXBuildFile; fileRef = 33FED1F31EAA6C990058DB0F /* middleparrot.gif */; };
		33FED2141EAA6C990058DB0F /* oldtimeyparrot.gif in Resources */ = {isa = PBXBuildFile; fileRef = 33FED1F41EAA6C990058DB0F /* oldtimeyparrot.gif */; };
		33FED2151EAA6C990058DB0F /* parrot.gif in Resources */ = {isa = PBXBuildFile; fileRef = 33FED1F51EAA6C990058DB0F /* parrot.gif */; };
		33FED2161EAA6C990058DB0F /* parrotcop.gif in Resources */ = {isa = PBXBuildFile; fileRef = 33FED1F61EAA6C990058DB0F /* parrotcop.gif */; };
		33FED2171EAA6C990058DB0F /* parrotdad.gif in Resources */ = {isa = PBXBuildFile; fileRef = 33FED1F71EAA6C990058DB0F /* parrotdad.gif */; };
		33FED2181EAA6C990058DB0F /* parrotwave1.gif in Resources */ = {isa = PBXBuildFile; fileRef = 33FED1F81EAA6C990058DB0F /* parrotwave1.gif */; };
		33FED2191EAA6C990058DB0F /* parrotwave2.gif in Resources */ = {isa = PBXBuildFile; fileRef = 33FED1F91EAA6C990058DB0F /* parrotwave2.gif */; };
		33FED21A1EAA6C990058DB0F /* parrotwave3.gif in Resources */ = {isa = PBXBuildFile; fileRef = 33FED1FA1EAA6C990058DB0F /* parrotwave3.gif */; };
		33FED21B1EAA6C990058DB0F /* parrotwave4.gif in Resources */ = {isa = PBXBuildFile; fileRef = 33FED1FB1EAA6C990058DB0F /* parrotwave4.gif */; };
		33FED21C1EAA6C990058DB0F /* parrotwave5.gif in Resources */ = {isa = PBXBuildFile; fileRef = 33FED1FC1EAA6C990058DB0F /* parrotwave5.gif */; };
		33FED21D1EAA6C990058DB0F /* parrotwave6.gif in Resources */ = {isa = PBXBuildFile; fileRef = 33FED1FD1EAA6C990058DB0F /* parrotwave6.gif */; };
		33FED21E1EAA6C990058DB0F /* parrotwave7.gif in Resources */ = {isa = PBXBuildFile; fileRef = 33FED1FE1EAA6C990058DB0F /* parrotwave7.gif */; };
		33FED21F1EAA6C990058DB0F /* partyparrot.gif in Resources */ = {isa = PBXBuildFile; fileRef = 33FED1FF1EAA6C990058DB0F /* partyparrot.gif */; };
		33FED2201EAA6C990058DB0F /* reversecongaparrot.gif in Resources */ = {isa = PBXBuildFile; fileRef = 33FED2001EAA6C990058DB0F /* reversecongaparrot.gif */; };
		33FED2211EAA6C990058DB0F /* rightparrot.gif in Resources */ = {isa = PBXBuildFile; fileRef = 33FED2011EAA6C990058DB0F /* rightparrot.gif */; };
		33FED2221EAA6C990058DB0F /* sadparrot.gif in Resources */ = {isa = PBXBuildFile; fileRef = 33FED2021EAA6C990058DB0F /* sadparrot.gif */; };
		33FED2231EAA6C990058DB0F /* shufflefurtherparrot.gif in Resources */ = {isa = PBXBuildFile; fileRef = 33FED2031EAA6C990058DB0F /* shufflefurtherparrot.gif */; };
		33FED2241EAA6C990058DB0F /* shuffleparrot.gif in Resources */ = {isa = PBXBuildFile; fileRef = 33FED2041EAA6C990058DB0F /* shuffleparrot.gif */; };
		33FED2251EAA6C990058DB0F /* shufflepartyparrot.gif in Resources */ = {isa = PBXBuildFile; fileRef = 33FED2051EAA6C990058DB0F /* shufflepartyparrot.gif */; };
		33FED2261EAA6C990058DB0F /* slowparrot.gif in Resources */ = {isa = PBXBuildFile; fileRef = 33FED2061EAA6C990058DB0F /* slowparrot.gif */; };
/* End PBXBuildFile section */

/* Begin PBXContainerItemProxy section */
		336C7B1A1D61680D0037150A /* PBXContainerItemProxy */ = {
			isa = PBXContainerItemProxy;
			containerPortal = 336C7AEC1D6167AC0037150A /* Project object */;
			proxyType = 1;
			remoteGlobalIDString = 336C7B0C1D61680D0037150A;
			remoteInfo = NotificationContent;
		};
		336C7B2A1D6168330037150A /* PBXContainerItemProxy */ = {
			isa = PBXContainerItemProxy;
			containerPortal = 336C7AEC1D6167AC0037150A /* Project object */;
			proxyType = 1;
			remoteGlobalIDString = 336C7B241D6168330037150A;
			remoteInfo = NotificationService;
		};
		33FED1C71EAA62470058DB0F /* PBXContainerItemProxy */ = {
			isa = PBXContainerItemProxy;
			containerPortal = 336C7AEC1D6167AC0037150A /* Project object */;
			proxyType = 1;
			remoteGlobalIDString = 33FED1C11EAA62470058DB0F;
			remoteInfo = ParrotKit;
		};
/* End PBXContainerItemProxy section */

/* Begin PBXCopyFilesBuildPhase section */
		336C7B201D61680D0037150A /* Embed App Extensions */ = {
			isa = PBXCopyFilesBuildPhase;
			buildActionMask = 2147483647;
			dstPath = "";
			dstSubfolderSpec = 13;
			files = (
				336C7B1C1D61680D0037150A /* NotificationContent.appex in Embed App Extensions */,
				336C7B2C1D6168330037150A /* NotificationService.appex in Embed App Extensions */,
			);
			name = "Embed App Extensions";
			runOnlyForDeploymentPostprocessing = 0;
		};
		336C7B4F1D6168F50037150A /* Embed Frameworks */ = {
			isa = PBXCopyFilesBuildPhase;
			buildActionMask = 2147483647;
			dstPath = "";
			dstSubfolderSpec = 10;
			files = (
				33FED1CA1EAA62470058DB0F /* ParrotKit.framework in Embed Frameworks */,
			);
			name = "Embed Frameworks";
			runOnlyForDeploymentPostprocessing = 0;
		};
/* End PBXCopyFilesBuildPhase section */

/* Begin PBXFileReference section */
		330C20B21EAA995300A68782 /* ParrotCollectionViewCell.xib */ = {isa = PBXFileReference; fileEncoding = 4; lastKnownFileType = file.xib; path = ParrotCollectionViewCell.xib; sourceTree = "<group>"; };
		3314C5021D77DFED00F5549E /* iOS10NotificationHandler.swift */ = {isa = PBXFileReference; fileEncoding = 4; lastKnownFileType = sourcecode.swift; path = iOS10NotificationHandler.swift; sourceTree = "<group>"; };
		3314C5031D77DFED00F5549E /* iOS9AndBelowNotificationHandler.swift */ = {isa = PBXFileReference; fileEncoding = 4; lastKnownFileType = sourcecode.swift; path = iOS9AndBelowNotificationHandler.swift; sourceTree = "<group>"; };
		3314C5041D77DFED00F5549E /* VersionSpecificNotificationHandler.swift */ = {isa = PBXFileReference; fileEncoding = 4; lastKnownFileType = sourcecode.swift; path = VersionSpecificNotificationHandler.swift; sourceTree = "<group>"; };
		336C7AF41D6167AC0037150A /* NotificationSample.app */ = {isa = PBXFileReference; explicitFileType = wrapper.application; includeInIndex = 0; path = NotificationSample.app; sourceTree = BUILT_PRODUCTS_DIR; };
		336C7AF71D6167AC0037150A /* AppDelegate.swift */ = {isa = PBXFileReference; lastKnownFileType = sourcecode.swift; path = AppDelegate.swift; sourceTree = "<group>"; };
		336C7AFC1D6167AC0037150A /* Base */ = {isa = PBXFileReference; lastKnownFileType = file.storyboard; name = Base; path = Base.lproj/Main.storyboard; sourceTree = "<group>"; };
		336C7AFE1D6167AC0037150A /* Assets.xcassets */ = {isa = PBXFileReference; lastKnownFileType = folder.assetcatalog; path = Assets.xcassets; sourceTree = "<group>"; };
		336C7B011D6167AC0037150A /* Base */ = {isa = PBXFileReference; lastKnownFileType = file.storyboard; name = Base; path = Base.lproj/LaunchScreen.storyboard; sourceTree = "<group>"; };
		336C7B031D6167AC0037150A /* Info.plist */ = {isa = PBXFileReference; lastKnownFileType = text.plist.xml; path = Info.plist; sourceTree = "<group>"; };
		336C7B0D1D61680D0037150A /* NotificationContent.appex */ = {isa = PBXFileReference; explicitFileType = "wrapper.app-extension"; includeInIndex = 0; path = NotificationContent.appex; sourceTree = BUILT_PRODUCTS_DIR; };
		336C7B0F1D61680D0037150A /* UserNotifications.framework */ = {isa = PBXFileReference; lastKnownFileType = wrapper.framework; name = UserNotifications.framework; path = System/Library/Frameworks/UserNotifications.framework; sourceTree = SDKROOT; };
		336C7B111D61680D0037150A /* UserNotificationsUI.framework */ = {isa = PBXFileReference; lastKnownFileType = wrapper.framework; name = UserNotificationsUI.framework; path = System/Library/Frameworks/UserNotificationsUI.framework; sourceTree = SDKROOT; };
		336C7B141D61680D0037150A /* NotificationViewController.swift */ = {isa = PBXFileReference; lastKnownFileType = sourcecode.swift; path = NotificationViewController.swift; sourceTree = "<group>"; };
		336C7B171D61680D0037150A /* Base */ = {isa = PBXFileReference; lastKnownFileType = file.storyboard; name = Base; path = Base.lproj/MainInterface.storyboard; sourceTree = "<group>"; };
		336C7B191D61680D0037150A /* Info.plist */ = {isa = PBXFileReference; lastKnownFileType = text.plist.xml; path = Info.plist; sourceTree = "<group>"; };
		336C7B251D6168330037150A /* NotificationService.appex */ = {isa = PBXFileReference; explicitFileType = "wrapper.app-extension"; includeInIndex = 0; path = NotificationService.appex; sourceTree = BUILT_PRODUCTS_DIR; };
		336C7B271D6168330037150A /* NotificationService.swift */ = {isa = PBXFileReference; lastKnownFileType = sourcecode.swift; path = NotificationService.swift; sourceTree = "<group>"; };
		336C7B291D6168330037150A /* Info.plist */ = {isa = PBXFileReference; lastKnownFileType = text.plist.xml; path = Info.plist; sourceTree = "<group>"; };
		33DC4B601D7864F800E0DB7F /* ViewController.swift */ = {isa = PBXFileReference; fileEncoding = 4; lastKnownFileType = sourcecode.swift; path = ViewController.swift; sourceTree = "<group>"; };
		33DC4B621D78650600E0DB7F /* NotificationPromptViewController.swift */ = {isa = PBXFileReference; fileEncoding = 4; lastKnownFileType = sourcecode.swift; path = NotificationPromptViewController.swift; sourceTree = "<group>"; };
		33FED1C21EAA62470058DB0F /* ParrotKit.framework */ = {isa = PBXFileReference; explicitFileType = wrapper.framework; includeInIndex = 0; path = ParrotKit.framework; sourceTree = BUILT_PRODUCTS_DIR; };
		33FED1C41EAA62470058DB0F /* ParrotKit.h */ = {isa = PBXFileReference; lastKnownFileType = sourcecode.c.h; path = ParrotKit.h; sourceTree = "<group>"; };
		33FED1C51EAA62470058DB0F /* Info.plist */ = {isa = PBXFileReference; lastKnownFileType = text.plist.xml; path = Info.plist; sourceTree = "<group>"; };
		33FED1CF1EAA625E0058DB0F /* Friends.swift */ = {isa = PBXFileReference; fileEncoding = 4; lastKnownFileType = sourcecode.swift; path = Friends.swift; sourceTree = "<group>"; };
		33FED1D01EAA625E0058DB0F /* GreatestCommonDenominator.swift */ = {isa = PBXFileReference; fileEncoding = 4; lastKnownFileType = sourcecode.swift; path = GreatestCommonDenominator.swift; sourceTree = "<group>"; };
		33FED1D11EAA625E0058DB0F /* ParrotCollectionViewDataSource.swift */ = {isa = PBXFileReference; fileEncoding = 4; lastKnownFileType = sourcecode.swift; path = ParrotCollectionViewDataSource.swift; sourceTree = "<group>"; };
		33FED1D21EAA625E0058DB0F /* Party.swift */ = {isa = PBXFileReference; fileEncoding = 4; lastKnownFileType = sourcecode.swift; path = Party.swift; sourceTree = "<group>"; };
		33FED1D31EAA625E0058DB0F /* PartyParrot.swift */ = {isa = PBXFileReference; fileEncoding = 4; lastKnownFileType = sourcecode.swift; path = PartyParrot.swift; sourceTree = "<group>"; };
		33FED1DA1EAA62740058DB0F /* UIImage+GIF.swift */ = {isa = PBXFileReference; fileEncoding = 4; lastKnownFileType = sourcecode.swift; path = "UIImage+GIF.swift"; sourceTree = "<group>"; };
		33FED1DD1EAA628B0058DB0F /* ParrotAPIController.swift */ = {isa = PBXFileReference; fileEncoding = 4; lastKnownFileType = sourcecode.swift; path = ParrotAPIController.swift; sourceTree = "<group>"; };
		33FED1E01EAA63F10058DB0F /* ParrotCollectionViewCell.swift */ = {isa = PBXFileReference; fileEncoding = 4; lastKnownFileType = sourcecode.swift; path = ParrotCollectionViewCell.swift; sourceTree = "<group>"; };
		33FED1E21EAA661B0058DB0F /* ParrotAction.swift */ = {isa = PBXFileReference; fileEncoding = 4; lastKnownFileType = sourcecode.swift; path = ParrotAction.swift; sourceTree = "<group>"; };
		33FED1E41EAA66950058DB0F /* NotificationCategory.swift */ = {isa = PBXFileReference; fileEncoding = 4; lastKnownFileType = sourcecode.swift; path = NotificationCategory.swift; sourceTree = "<group>"; };
		33FED1E71EAA6C990058DB0F /* aussiecongaparrot.gif */ = {isa = PBXFileReference; lastKnownFileType = image.gif; path = aussiecongaparrot.gif; sourceTree = "<group>"; };
		33FED1E81EAA6C990058DB0F /* aussieparrot.gif */ = {isa = PBXFileReference; lastKnownFileType = image.gif; path = aussieparrot.gif; sourceTree = "<group>"; };
		33FED1E91EAA6C990058DB0F /* aussiereversecongaparrot.gif */ = {isa = PBXFileReference; lastKnownFileType = image.gif; path = aussiereversecongaparrot.gif; sourceTree = "<group>"; };
		33FED1EA1EAA6C990058DB0F /* boredparrot.gif */ = {isa = PBXFileReference; lastKnownFileType = image.gif; path = boredparrot.gif; sourceTree = "<group>"; };
		33FED1EB1EAA6C990058DB0F /* chillparrot.gif */ = {isa = PBXFileReference; lastKnownFileType = image.gif; path = chillparrot.gif; sourceTree = "<group>"; };
		33FED1EC1EAA6C990058DB0F /* congaparrot.gif */ = {isa = PBXFileReference; lastKnownFileType = image.gif; path = congaparrot.gif; sourceTree = "<group>"; };
		33FED1ED1EAA6C990058DB0F /* dealwithitparrot.gif */ = {isa = PBXFileReference; lastKnownFileType = image.gif; path = dealwithitparrot.gif; sourceTree = "<group>"; };
		33FED1EE1EAA6C990058DB0F /* explodyparrot.gif */ = {isa = PBXFileReference; lastKnownFileType = image.gif; path = explodyparrot.gif; sourceTree = "<group>"; };
		33FED1EF1EAA6C990058DB0F /* fastparrot.gif */ = {isa = PBXFileReference; lastKnownFileType = image.gif; path = fastparrot.gif; sourceTree = "<group>"; };
		33FED1F01EAA6C990058DB0F /* fiestaparrot.gif */ = {isa = PBXFileReference; lastKnownFileType = image.gif; path = fiestaparrot.gif; sourceTree = "<group>"; };
		33FED1F11EAA6C990058DB0F /* gothparrot.gif */ = {isa = PBXFileReference; lastKnownFileType = image.gif; path = gothparrot.gif; sourceTree = "<group>"; };
		33FED1F21EAA6C990058DB0F /* ice-cream-parrot.gif */ = {isa = PBXFileReference; lastKnownFileType = image.gif; path = "ice-cream-parrot.gif"; sourceTree = "<group>"; };
		33FED1F31EAA6C990058DB0F /* middleparrot.gif */ = {isa = PBXFileReference; lastKnownFileType = image.gif; path = middleparrot.gif; sourceTree = "<group>"; };
		33FED1F41EAA6C990058DB0F /* oldtimeyparrot.gif */ = {isa = PBXFileReference; lastKnownFileType = image.gif; path = oldtimeyparrot.gif; sourceTree = "<group>"; };
		33FED1F51EAA6C990058DB0F /* parrot.gif */ = {isa = PBXFileReference; lastKnownFileType = image.gif; path = parrot.gif; sourceTree = "<group>"; };
		33FED1F61EAA6C990058DB0F /* parrotcop.gif */ = {isa = PBXFileReference; lastKnownFileType = image.gif; path = parrotcop.gif; sourceTree = "<group>"; };
		33FED1F71EAA6C990058DB0F /* parrotdad.gif */ = {isa = PBXFileReference; lastKnownFileType = image.gif; path = parrotdad.gif; sourceTree = "<group>"; };
		33FED1F81EAA6C990058DB0F /* parrotwave1.gif */ = {isa = PBXFileReference; lastKnownFileType = image.gif; path = parrotwave1.gif; sourceTree = "<group>"; };
		33FED1F91EAA6C990058DB0F /* parrotwave2.gif */ = {isa = PBXFileReference; lastKnownFileType = image.gif; path = parrotwave2.gif; sourceTree = "<group>"; };
		33FED1FA1EAA6C990058DB0F /* parrotwave3.gif */ = {isa = PBXFileReference; lastKnownFileType = image.gif; path = parrotwave3.gif; sourceTree = "<group>"; };
		33FED1FB1EAA6C990058DB0F /* parrotwave4.gif */ = {isa = PBXFileReference; lastKnownFileType = image.gif; path = parrotwave4.gif; sourceTree = "<group>"; };
		33FED1FC1EAA6C990058DB0F /* parrotwave5.gif */ = {isa = PBXFileReference; lastKnownFileType = image.gif; path = parrotwave5.gif; sourceTree = "<group>"; };
		33FED1FD1EAA6C990058DB0F /* parrotwave6.gif */ = {isa = PBXFileReference; lastKnownFileType = image.gif; path = parrotwave6.gif; sourceTree = "<group>"; };
		33FED1FE1EAA6C990058DB0F /* parrotwave7.gif */ = {isa = PBXFileReference; lastKnownFileType = image.gif; path = parrotwave7.gif; sourceTree = "<group>"; };
		33FED1FF1EAA6C990058DB0F /* partyparrot.gif */ = {isa = PBXFileReference; lastKnownFileType = image.gif; path = partyparrot.gif; sourceTree = "<group>"; };
		33FED2001EAA6C990058DB0F /* reversecongaparrot.gif */ = {isa = PBXFileReference; lastKnownFileType = image.gif; path = reversecongaparrot.gif; sourceTree = "<group>"; };
		33FED2011EAA6C990058DB0F /* rightparrot.gif */ = {isa = PBXFileReference; lastKnownFileType = image.gif; path = rightparrot.gif; sourceTree = "<group>"; };
		33FED2021EAA6C990058DB0F /* sadparrot.gif */ = {isa = PBXFileReference; lastKnownFileType = image.gif; path = sadparrot.gif; sourceTree = "<group>"; };
		33FED2031EAA6C990058DB0F /* shufflefurtherparrot.gif */ = {isa = PBXFileReference; lastKnownFileType = image.gif; path = shufflefurtherparrot.gif; sourceTree = "<group>"; };
		33FED2041EAA6C990058DB0F /* shuffleparrot.gif */ = {isa = PBXFileReference; lastKnownFileType = image.gif; path = shuffleparrot.gif; sourceTree = "<group>"; };
		33FED2051EAA6C990058DB0F /* shufflepartyparrot.gif */ = {isa = PBXFileReference; lastKnownFileType = image.gif; path = shufflepartyparrot.gif; sourceTree = "<group>"; };
		33FED2061EAA6C990058DB0F /* slowparrot.gif */ = {isa = PBXFileReference; lastKnownFileType = image.gif; path = slowparrot.gif; sourceTree = "<group>"; };
/* End PBXFileReference section */

/* Begin PBXFrameworksBuildPhase section */
		336C7AF11D6167AC0037150A /* Frameworks */ = {
			isa = PBXFrameworksBuildPhase;
			buildActionMask = 2147483647;
			files = (
				33FED1C91EAA62470058DB0F /* ParrotKit.framework in Frameworks */,
			);
			runOnlyForDeploymentPostprocessing = 0;
		};
		336C7B0A1D61680D0037150A /* Frameworks */ = {
			isa = PBXFrameworksBuildPhase;
			buildActionMask = 2147483647;
			files = (
				336C7B121D61680D0037150A /* UserNotificationsUI.framework in Frameworks */,
				336C7B101D61680D0037150A /* UserNotifications.framework in Frameworks */,
			);
			runOnlyForDeploymentPostprocessing = 0;
		};
		336C7B221D6168330037150A /* Frameworks */ = {
			isa = PBXFrameworksBuildPhase;
			buildActionMask = 2147483647;
			files = (
			);
			runOnlyForDeploymentPostprocessing = 0;
		};
		33FED1BE1EAA62470058DB0F /* Frameworks */ = {
			isa = PBXFrameworksBuildPhase;
			buildActionMask = 2147483647;
			files = (
			);
			runOnlyForDeploymentPostprocessing = 0;
		};
/* End PBXFrameworksBuildPhase section */

/* Begin PBXGroup section */
		3314C5011D77DFED00F5549E /* NotificationHandling */ = {
			isa = PBXGroup;
			children = (
				3314C5041D77DFED00F5549E /* VersionSpecificNotificationHandler.swift */,
				3314C5031D77DFED00F5549E /* iOS9AndBelowNotificationHandler.swift */,
				3314C5021D77DFED00F5549E /* iOS10NotificationHandler.swift */,
			);
			path = NotificationHandling;
			sourceTree = "<group>";
		};
		336C7AEB1D6167AC0037150A = {
			isa = PBXGroup;
			children = (
				336C7AF61D6167AC0037150A /* NotificationSample */,
				336C7B131D61680D0037150A /* NotificationContent */,
				336C7B261D6168330037150A /* NotificationService */,
				33FED1C31EAA62470058DB0F /* ParrotKit */,
				336C7B0E1D61680D0037150A /* Frameworks */,
				336C7AF51D6167AC0037150A /* Products */,
			);
			sourceTree = "<group>";
		};
		336C7AF51D6167AC0037150A /* Products */ = {
			isa = PBXGroup;
			children = (
				336C7AF41D6167AC0037150A /* NotificationSample.app */,
				336C7B0D1D61680D0037150A /* NotificationContent.appex */,
				336C7B251D6168330037150A /* NotificationService.appex */,
				33FED1C21EAA62470058DB0F /* ParrotKit.framework */,
			);
			name = Products;
			sourceTree = "<group>";
		};
		336C7AF61D6167AC0037150A /* NotificationSample */ = {
			isa = PBXGroup;
			children = (
				336C7AF71D6167AC0037150A /* AppDelegate.swift */,
				3314C5011D77DFED00F5549E /* NotificationHandling */,
				33DC4B5F1D7864F800E0DB7F /* ViewControllers */,
				336C7AFB1D6167AC0037150A /* Main.storyboard */,
				336C7AFE1D6167AC0037150A /* Assets.xcassets */,
				336C7B001D6167AC0037150A /* LaunchScreen.storyboard */,
				336C7B031D6167AC0037150A /* Info.plist */,
			);
			path = NotificationSample;
			sourceTree = "<group>";
		};
		336C7B0E1D61680D0037150A /* Frameworks */ = {
			isa = PBXGroup;
			children = (
				336C7B0F1D61680D0037150A /* UserNotifications.framework */,
				336C7B111D61680D0037150A /* UserNotificationsUI.framework */,
			);
			name = Frameworks;
			sourceTree = "<group>";
		};
		336C7B131D61680D0037150A /* NotificationContent */ = {
			isa = PBXGroup;
			children = (
				336C7B141D61680D0037150A /* NotificationViewController.swift */,
				336C7B161D61680D0037150A /* MainInterface.storyboard */,
				336C7B191D61680D0037150A /* Info.plist */,
			);
			path = NotificationContent;
			sourceTree = "<group>";
		};
		336C7B261D6168330037150A /* NotificationService */ = {
			isa = PBXGroup;
			children = (
				336C7B271D6168330037150A /* NotificationService.swift */,
				336C7B291D6168330037150A /* Info.plist */,
			);
			path = NotificationService;
			sourceTree = "<group>";
		};
		33DC4B5F1D7864F800E0DB7F /* ViewControllers */ = {
			isa = PBXGroup;
			children = (
				33DC4B601D7864F800E0DB7F /* ViewController.swift */,
				33DC4B621D78650600E0DB7F /* NotificationPromptViewController.swift */,
			);
			path = ViewControllers;
			sourceTree = "<group>";
		};
		33FED1C31EAA62470058DB0F /* ParrotKit */ = {
			isa = PBXGroup;
			children = (
				33FED1C41EAA62470058DB0F /* ParrotKit.h */,
				33FED1D91EAA62740058DB0F /* Extensions */,
				33FED1CE1EAA625E0058DB0F /* Models */,
				33FED1DC1EAA628B0058DB0F /* Networking */,
				33FED1DF1EAA63F10058DB0F /* Views */,
				33FED1E61EAA6C990058DB0F /* parrots */,
				33FED1C51EAA62470058DB0F /* Info.plist */,
			);
			path = ParrotKit;
			sourceTree = "<group>";
		};
		33FED1CE1EAA625E0058DB0F /* Models */ = {
			isa = PBXGroup;
			children = (
				33FED1CF1EAA625E0058DB0F /* Friends.swift */,
				33FED1E41EAA66950058DB0F /* NotificationCategory.swift */,
				33FED1E21EAA661B0058DB0F /* ParrotAction.swift */,
				33FED1D01EAA625E0058DB0F /* GreatestCommonDenominator.swift */,
				33FED1D11EAA625E0058DB0F /* ParrotCollectionViewDataSource.swift */,
				33FED1D21EAA625E0058DB0F /* Party.swift */,
				33FED1D31EAA625E0058DB0F /* PartyParrot.swift */,
			);
			path = Models;
			sourceTree = "<group>";
		};
		33FED1D91EAA62740058DB0F /* Extensions */ = {
			isa = PBXGroup;
			children = (
				33FED1DA1EAA62740058DB0F /* UIImage+GIF.swift */,
			);
			path = Extensions;
			sourceTree = "<group>";
		};
		33FED1DC1EAA628B0058DB0F /* Networking */ = {
			isa = PBXGroup;
			children = (
				33FED1DD1EAA628B0058DB0F /* ParrotAPIController.swift */,
			);
			path = Networking;
			sourceTree = "<group>";
		};
		33FED1DF1EAA63F10058DB0F /* Views */ = {
			isa = PBXGroup;
			children = (
				33FED1E01EAA63F10058DB0F /* ParrotCollectionViewCell.swift */,
				330C20B21EAA995300A68782 /* ParrotCollectionViewCell.xib */,
			);
			path = Views;
			sourceTree = "<group>";
		};
		33FED1E61EAA6C990058DB0F /* parrots */ = {
			isa = PBXGroup;
			children = (
				33FED1E71EAA6C990058DB0F /* aussiecongaparrot.gif */,
				33FED1E81EAA6C990058DB0F /* aussieparrot.gif */,
				33FED1E91EAA6C990058DB0F /* aussiereversecongaparrot.gif */,
				33FED1EA1EAA6C990058DB0F /* boredparrot.gif */,
				33FED1EB1EAA6C990058DB0F /* chillparrot.gif */,
				33FED1EC1EAA6C990058DB0F /* congaparrot.gif */,
				33FED1ED1EAA6C990058DB0F /* dealwithitparrot.gif */,
				33FED1EE1EAA6C990058DB0F /* explodyparrot.gif */,
				33FED1EF1EAA6C990058DB0F /* fastparrot.gif */,
				33FED1F01EAA6C990058DB0F /* fiestaparrot.gif */,
				33FED1F11EAA6C990058DB0F /* gothparrot.gif */,
				33FED1F21EAA6C990058DB0F /* ice-cream-parrot.gif */,
				33FED1F31EAA6C990058DB0F /* middleparrot.gif */,
				33FED1F41EAA6C990058DB0F /* oldtimeyparrot.gif */,
				33FED1F51EAA6C990058DB0F /* parrot.gif */,
				33FED1F61EAA6C990058DB0F /* parrotcop.gif */,
				33FED1F71EAA6C990058DB0F /* parrotdad.gif */,
				33FED1F81EAA6C990058DB0F /* parrotwave1.gif */,
				33FED1F91EAA6C990058DB0F /* parrotwave2.gif */,
				33FED1FA1EAA6C990058DB0F /* parrotwave3.gif */,
				33FED1FB1EAA6C990058DB0F /* parrotwave4.gif */,
				33FED1FC1EAA6C990058DB0F /* parrotwave5.gif */,
				33FED1FD1EAA6C990058DB0F /* parrotwave6.gif */,
				33FED1FE1EAA6C990058DB0F /* parrotwave7.gif */,
				33FED1FF1EAA6C990058DB0F /* partyparrot.gif */,
				33FED2001EAA6C990058DB0F /* reversecongaparrot.gif */,
				33FED2011EAA6C990058DB0F /* rightparrot.gif */,
				33FED2021EAA6C990058DB0F /* sadparrot.gif */,
				33FED2031EAA6C990058DB0F /* shufflefurtherparrot.gif */,
				33FED2041EAA6C990058DB0F /* shuffleparrot.gif */,
				33FED2051EAA6C990058DB0F /* shufflepartyparrot.gif */,
				33FED2061EAA6C990058DB0F /* slowparrot.gif */,
			);
			path = parrots;
			sourceTree = "<group>";
		};
/* End PBXGroup section */

/* Begin PBXHeadersBuildPhase section */
		33FED1BF1EAA62470058DB0F /* Headers */ = {
			isa = PBXHeadersBuildPhase;
			buildActionMask = 2147483647;
			files = (
				33FED1C61EAA62470058DB0F /* ParrotKit.h in Headers */,
			);
			runOnlyForDeploymentPostprocessing = 0;
		};
/* End PBXHeadersBuildPhase section */

/* Begin PBXNativeTarget section */
		336C7AF31D6167AC0037150A /* NotificationSample */ = {
			isa = PBXNativeTarget;
			buildConfigurationList = 336C7B061D6167AC0037150A /* Build configuration list for PBXNativeTarget "NotificationSample" */;
			buildPhases = (
				336C7AF01D6167AC0037150A /* Sources */,
				336C7AF11D6167AC0037150A /* Frameworks */,
				336C7AF21D6167AC0037150A /* Resources */,
				336C7B201D61680D0037150A /* Embed App Extensions */,
				336C7B4F1D6168F50037150A /* Embed Frameworks */,
			);
			buildRules = (
			);
			dependencies = (
				336C7B1B1D61680D0037150A /* PBXTargetDependency */,
				336C7B2B1D6168330037150A /* PBXTargetDependency */,
				33FED1C81EAA62470058DB0F /* PBXTargetDependency */,
			);
			name = NotificationSample;
			productName = NotificationSample;
			productReference = 336C7AF41D6167AC0037150A /* NotificationSample.app */;
			productType = "com.apple.product-type.application";
		};
		336C7B0C1D61680D0037150A /* NotificationContent */ = {
			isa = PBXNativeTarget;
			buildConfigurationList = 336C7B1D1D61680D0037150A /* Build configuration list for PBXNativeTarget "NotificationContent" */;
			buildPhases = (
				336C7B091D61680D0037150A /* Sources */,
				336C7B0A1D61680D0037150A /* Frameworks */,
				336C7B0B1D61680D0037150A /* Resources */,
			);
			buildRules = (
			);
			dependencies = (
			);
			name = NotificationContent;
			productName = NotificationContent;
			productReference = 336C7B0D1D61680D0037150A /* NotificationContent.appex */;
			productType = "com.apple.product-type.app-extension";
		};
		336C7B241D6168330037150A /* NotificationService */ = {
			isa = PBXNativeTarget;
			buildConfigurationList = 336C7B2D1D6168330037150A /* Build configuration list for PBXNativeTarget "NotificationService" */;
			buildPhases = (
				336C7B211D6168330037150A /* Sources */,
				336C7B221D6168330037150A /* Frameworks */,
				336C7B231D6168330037150A /* Resources */,
			);
			buildRules = (
			);
			dependencies = (
			);
			name = NotificationService;
			productName = NotificationService;
			productReference = 336C7B251D6168330037150A /* NotificationService.appex */;
			productType = "com.apple.product-type.app-extension";
		};
		33FED1C11EAA62470058DB0F /* ParrotKit */ = {
			isa = PBXNativeTarget;
			buildConfigurationList = 33FED1CB1EAA62470058DB0F /* Build configuration list for PBXNativeTarget "ParrotKit" */;
			buildPhases = (
				33FED1BD1EAA62470058DB0F /* Sources */,
				33FED1BE1EAA62470058DB0F /* Frameworks */,
				33FED1BF1EAA62470058DB0F /* Headers */,
				33FED1C01EAA62470058DB0F /* Resources */,
			);
			buildRules = (
			);
			dependencies = (
			);
			name = ParrotKit;
			productName = ParrotKit;
			productReference = 33FED1C21EAA62470058DB0F /* ParrotKit.framework */;
			productType = "com.apple.product-type.framework";
		};
/* End PBXNativeTarget section */

/* Begin PBXProject section */
		336C7AEC1D6167AC0037150A /* Project object */ = {
			isa = PBXProject;
			attributes = {
				LastSwiftUpdateCheck = 0800;
				LastUpgradeCheck = 0830;
				ORGANIZATIONNAME = "Designated Nerd Software";
				TargetAttributes = {
					336C7AF31D6167AC0037150A = {
						CreatedOnToolsVersion = 8.0;
						DevelopmentTeam = 4U392EMNT3;
						ProvisioningStyle = Automatic;
					};
					336C7B0C1D61680D0037150A = {
						CreatedOnToolsVersion = 8.0;
						DevelopmentTeam = 4U392EMNT3;
						ProvisioningStyle = Automatic;
					};
					336C7B241D6168330037150A = {
						CreatedOnToolsVersion = 8.0;
						DevelopmentTeam = 4U392EMNT3;
						ProvisioningStyle = Automatic;
					};
					33FED1C11EAA62470058DB0F = {
						CreatedOnToolsVersion = 8.2.1;
						DevelopmentTeam = 4U392EMNT3;
						ProvisioningStyle = Automatic;
					};
				};
			};
			buildConfigurationList = 336C7AEF1D6167AC0037150A /* Build configuration list for PBXProject "NotificationSample" */;
			compatibilityVersion = "Xcode 3.2";
			developmentRegion = English;
			hasScannedForEncodings = 0;
			knownRegions = (
				en,
				Base,
			);
			mainGroup = 336C7AEB1D6167AC0037150A;
			productRefGroup = 336C7AF51D6167AC0037150A /* Products */;
			projectDirPath = "";
			projectRoot = "";
			targets = (
				336C7AF31D6167AC0037150A /* NotificationSample */,
				336C7B0C1D61680D0037150A /* NotificationContent */,
				336C7B241D6168330037150A /* NotificationService */,
				33FED1C11EAA62470058DB0F /* ParrotKit */,
			);
		};
/* End PBXProject section */

/* Begin PBXResourcesBuildPhase section */
		336C7AF21D6167AC0037150A /* Resources */ = {
			isa = PBXResourcesBuildPhase;
			buildActionMask = 2147483647;
			files = (
				336C7B021D6167AC0037150A /* LaunchScreen.storyboard in Resources */,
				336C7AFF1D6167AC0037150A /* Assets.xcassets in Resources */,
				336C7AFD1D6167AC0037150A /* Main.storyboard in Resources */,
			);
			runOnlyForDeploymentPostprocessing = 0;
		};
		336C7B0B1D61680D0037150A /* Resources */ = {
			isa = PBXResourcesBuildPhase;
			buildActionMask = 2147483647;
			files = (
				336C7B181D61680D0037150A /* MainInterface.storyboard in Resources */,
			);
			runOnlyForDeploymentPostprocessing = 0;
		};
		336C7B231D6168330037150A /* Resources */ = {
			isa = PBXResourcesBuildPhase;
			buildActionMask = 2147483647;
			files = (
			);
			runOnlyForDeploymentPostprocessing = 0;
		};
		33FED1C01EAA62470058DB0F /* Resources */ = {
			isa = PBXResourcesBuildPhase;
			buildActionMask = 2147483647;
			files = (
				33FED21D1EAA6C990058DB0F /* parrotwave6.gif in Resources */,
				33FED20F1EAA6C990058DB0F /* fastparrot.gif in Resources */,
				33FED2081EAA6C990058DB0F /* aussieparrot.gif in Resources */,
				33FED2171EAA6C990058DB0F /* parrotdad.gif in Resources */,
				33FED2181EAA6C990058DB0F /* parrotwave1.gif in Resources */,
				33FED20D1EAA6C990058DB0F /* dealwithitparrot.gif in Resources */,
				33FED20E1EAA6C990058DB0F /* explodyparrot.gif in Resources */,
				33FED2101EAA6C990058DB0F /* fiestaparrot.gif in Resources */,
				33FED2151EAA6C990058DB0F /* parrot.gif in Resources */,
				33FED2091EAA6C990058DB0F /* aussiereversecongaparrot.gif in Resources */,
				33FED2231EAA6C990058DB0F /* shufflefurtherparrot.gif in Resources */,
				33FED2131EAA6C990058DB0F /* middleparrot.gif in Resources */,
				33FED21F1EAA6C990058DB0F /* partyparrot.gif in Resources */,
				33FED2251EAA6C990058DB0F /* shufflepartyparrot.gif in Resources */,
				33FED2191EAA6C990058DB0F /* parrotwave2.gif in Resources */,
				33FED2261EAA6C990058DB0F /* slowparrot.gif in Resources */,
				33FED2221EAA6C990058DB0F /* sadparrot.gif in Resources */,
				33FED20B1EAA6C990058DB0F /* chillparrot.gif in Resources */,
				330C20B31EAA995300A68782 /* ParrotCollectionViewCell.xib in Resources */,
				33FED21B1EAA6C990058DB0F /* parrotwave4.gif in Resources */,
				33FED2111EAA6C990058DB0F /* gothparrot.gif in Resources */,
				33FED2071EAA6C990058DB0F /* aussiecongaparrot.gif in Resources */,
				33FED21C1EAA6C990058DB0F /* parrotwave5.gif in Resources */,
				33FED2241EAA6C990058DB0F /* shuffleparrot.gif in Resources */,
				33FED2161EAA6C990058DB0F /* parrotcop.gif in Resources */,
				33FED20A1EAA6C990058DB0F /* boredparrot.gif in Resources */,
				33FED2201EAA6C990058DB0F /* reversecongaparrot.gif in Resources */,
				33FED20C1EAA6C990058DB0F /* congaparrot.gif in Resources */,
				33FED21A1EAA6C990058DB0F /* parrotwave3.gif in Resources */,
				33FED21E1EAA6C990058DB0F /* parrotwave7.gif in Resources */,
				33FED2121EAA6C990058DB0F /* ice-cream-parrot.gif in Resources */,
				33FED2211EAA6C990058DB0F /* rightparrot.gif in Resources */,
				33FED2141EAA6C990058DB0F /* oldtimeyparrot.gif in Resources */,
			);
			runOnlyForDeploymentPostprocessing = 0;
		};
/* End PBXResourcesBuildPhase section */

/* Begin PBXSourcesBuildPhase section */
		336C7AF01D6167AC0037150A /* Sources */ = {
			isa = PBXSourcesBuildPhase;
			buildActionMask = 2147483647;
			files = (
				3314C5051D77DFED00F5549E /* iOS10NotificationHandler.swift in Sources */,
				33DC4B631D78650600E0DB7F /* NotificationPromptViewController.swift in Sources */,
				33DC4B611D7864F800E0DB7F /* ViewController.swift in Sources */,
				3314C5071D77DFED00F5549E /* VersionSpecificNotificationHandler.swift in Sources */,
				336C7AF81D6167AC0037150A /* AppDelegate.swift in Sources */,
				3314C5061D77DFED00F5549E /* iOS9AndBelowNotificationHandler.swift in Sources */,
			);
			runOnlyForDeploymentPostprocessing = 0;
		};
		336C7B091D61680D0037150A /* Sources */ = {
			isa = PBXSourcesBuildPhase;
			buildActionMask = 2147483647;
			files = (
				336C7B151D61680D0037150A /* NotificationViewController.swift in Sources */,
			);
			runOnlyForDeploymentPostprocessing = 0;
		};
		336C7B211D6168330037150A /* Sources */ = {
			isa = PBXSourcesBuildPhase;
			buildActionMask = 2147483647;
			files = (
				336C7B281D6168330037150A /* NotificationService.swift in Sources */,
			);
			runOnlyForDeploymentPostprocessing = 0;
		};
		33FED1BD1EAA62470058DB0F /* Sources */ = {
			isa = PBXSourcesBuildPhase;
			buildActionMask = 2147483647;
			files = (
				33FED1E11EAA63F10058DB0F /* ParrotCollectionViewCell.swift in Sources */,
				33FED1D81EAA625E0058DB0F /* PartyParrot.swift in Sources */,
				33FED1D51EAA625E0058DB0F /* GreatestCommonDenominator.swift in Sources */,
				33FED1E31EAA661B0058DB0F /* ParrotAction.swift in Sources */,
				33FED1D41EAA625E0058DB0F /* Friends.swift in Sources */,
				33FED1E51EAA66950058DB0F /* NotificationCategory.swift in Sources */,
				33FED1DE1EAA628B0058DB0F /* ParrotAPIController.swift in Sources */,
				33FED1D71EAA625E0058DB0F /* Party.swift in Sources */,
				33FED1DB1EAA62740058DB0F /* UIImage+GIF.swift in Sources */,
				33FED1D61EAA625E0058DB0F /* ParrotCollectionViewDataSource.swift in Sources */,
			);
			runOnlyForDeploymentPostprocessing = 0;
		};
/* End PBXSourcesBuildPhase section */

/* Begin PBXTargetDependency section */
		336C7B1B1D61680D0037150A /* PBXTargetDependency */ = {
			isa = PBXTargetDependency;
			target = 336C7B0C1D61680D0037150A /* NotificationContent */;
			targetProxy = 336C7B1A1D61680D0037150A /* PBXContainerItemProxy */;
		};
		336C7B2B1D6168330037150A /* PBXTargetDependency */ = {
			isa = PBXTargetDependency;
			target = 336C7B241D6168330037150A /* NotificationService */;
			targetProxy = 336C7B2A1D6168330037150A /* PBXContainerItemProxy */;
		};
		33FED1C81EAA62470058DB0F /* PBXTargetDependency */ = {
			isa = PBXTargetDependency;
			target = 33FED1C11EAA62470058DB0F /* ParrotKit */;
			targetProxy = 33FED1C71EAA62470058DB0F /* PBXContainerItemProxy */;
		};
/* End PBXTargetDependency section */

/* Begin PBXVariantGroup section */
		336C7AFB1D6167AC0037150A /* Main.storyboard */ = {
			isa = PBXVariantGroup;
			children = (
				336C7AFC1D6167AC0037150A /* Base */,
			);
			name = Main.storyboard;
			sourceTree = "<group>";
		};
		336C7B001D6167AC0037150A /* LaunchScreen.storyboard */ = {
			isa = PBXVariantGroup;
			children = (
				336C7B011D6167AC0037150A /* Base */,
			);
			name = LaunchScreen.storyboard;
			sourceTree = "<group>";
		};
		336C7B161D61680D0037150A /* MainInterface.storyboard */ = {
			isa = PBXVariantGroup;
			children = (
				336C7B171D61680D0037150A /* Base */,
			);
			name = MainInterface.storyboard;
			sourceTree = "<group>";
		};
/* End PBXVariantGroup section */

/* Begin XCBuildConfiguration section */
		336C7B041D6167AC0037150A /* Debug */ = {
			isa = XCBuildConfiguration;
			buildSettings = {
				ALWAYS_SEARCH_USER_PATHS = NO;
				CLANG_ANALYZER_NONNULL = YES;
				CLANG_CXX_LANGUAGE_STANDARD = "gnu++0x";
				CLANG_CXX_LIBRARY = "libc++";
				CLANG_ENABLE_MODULES = YES;
				CLANG_ENABLE_OBJC_ARC = YES;
				CLANG_WARN_BOOL_CONVERSION = YES;
				CLANG_WARN_CONSTANT_CONVERSION = YES;
				CLANG_WARN_DIRECT_OBJC_ISA_USAGE = YES_ERROR;
				CLANG_WARN_DOCUMENTATION_COMMENTS = YES;
				CLANG_WARN_EMPTY_BODY = YES;
				CLANG_WARN_ENUM_CONVERSION = YES;
				CLANG_WARN_INFINITE_RECURSION = YES;
				CLANG_WARN_INT_CONVERSION = YES;
				CLANG_WARN_OBJC_ROOT_CLASS = YES_ERROR;
				CLANG_WARN_SUSPICIOUS_MOVE = YES;
				CLANG_WARN_SUSPICIOUS_MOVES = YES;
				CLANG_WARN_UNREACHABLE_CODE = YES;
				CLANG_WARN__DUPLICATE_METHOD_MATCH = YES;
				"CODE_SIGN_IDENTITY[sdk=iphoneos*]" = "iPhone Developer";
				COPY_PHASE_STRIP = NO;
				DEBUG_INFORMATION_FORMAT = dwarf;
				ENABLE_STRICT_OBJC_MSGSEND = YES;
				ENABLE_TESTABILITY = YES;
				GCC_C_LANGUAGE_STANDARD = gnu99;
				GCC_DYNAMIC_NO_PIC = NO;
				GCC_NO_COMMON_BLOCKS = YES;
				GCC_OPTIMIZATION_LEVEL = 0;
				GCC_PREPROCESSOR_DEFINITIONS = (
					"DEBUG=1",
					"$(inherited)",
				);
				GCC_WARN_64_TO_32_BIT_CONVERSION = YES;
				GCC_WARN_ABOUT_RETURN_TYPE = YES_ERROR;
				GCC_WARN_UNDECLARED_SELECTOR = YES;
				GCC_WARN_UNINITIALIZED_AUTOS = YES_AGGRESSIVE;
				GCC_WARN_UNUSED_FUNCTION = YES;
				GCC_WARN_UNUSED_VARIABLE = YES;
				IPHONEOS_DEPLOYMENT_TARGET = 10.0;
				MTL_ENABLE_DEBUG_INFO = YES;
				ONLY_ACTIVE_ARCH = YES;
				SDKROOT = iphoneos;
				SWIFT_ACTIVE_COMPILATION_CONDITIONS = DEBUG;
				SWIFT_OPTIMIZATION_LEVEL = "-Onone";
			};
			name = Debug;
		};
		336C7B051D6167AC0037150A /* Release */ = {
			isa = XCBuildConfiguration;
			buildSettings = {
				ALWAYS_SEARCH_USER_PATHS = NO;
				CLANG_ANALYZER_NONNULL = YES;
				CLANG_CXX_LANGUAGE_STANDARD = "gnu++0x";
				CLANG_CXX_LIBRARY = "libc++";
				CLANG_ENABLE_MODULES = YES;
				CLANG_ENABLE_OBJC_ARC = YES;
				CLANG_WARN_BOOL_CONVERSION = YES;
				CLANG_WARN_CONSTANT_CONVERSION = YES;
				CLANG_WARN_DIRECT_OBJC_ISA_USAGE = YES_ERROR;
				CLANG_WARN_DOCUMENTATION_COMMENTS = YES;
				CLANG_WARN_EMPTY_BODY = YES;
				CLANG_WARN_ENUM_CONVERSION = YES;
				CLANG_WARN_INFINITE_RECURSION = YES;
				CLANG_WARN_INT_CONVERSION = YES;
				CLANG_WARN_OBJC_ROOT_CLASS = YES_ERROR;
				CLANG_WARN_SUSPICIOUS_MOVE = YES;
				CLANG_WARN_SUSPICIOUS_MOVES = YES;
				CLANG_WARN_UNREACHABLE_CODE = YES;
				CLANG_WARN__DUPLICATE_METHOD_MATCH = YES;
				"CODE_SIGN_IDENTITY[sdk=iphoneos*]" = "iPhone Developer";
				COPY_PHASE_STRIP = NO;
				DEBUG_INFORMATION_FORMAT = "dwarf-with-dsym";
				ENABLE_NS_ASSERTIONS = NO;
				ENABLE_STRICT_OBJC_MSGSEND = YES;
				GCC_C_LANGUAGE_STANDARD = gnu99;
				GCC_NO_COMMON_BLOCKS = YES;
				GCC_WARN_64_TO_32_BIT_CONVERSION = YES;
				GCC_WARN_ABOUT_RETURN_TYPE = YES_ERROR;
				GCC_WARN_UNDECLARED_SELECTOR = YES;
				GCC_WARN_UNINITIALIZED_AUTOS = YES_AGGRESSIVE;
				GCC_WARN_UNUSED_FUNCTION = YES;
				GCC_WARN_UNUSED_VARIABLE = YES;
				IPHONEOS_DEPLOYMENT_TARGET = 10.0;
				MTL_ENABLE_DEBUG_INFO = NO;
				SDKROOT = iphoneos;
				SWIFT_OPTIMIZATION_LEVEL = "-Owholemodule";
				VALIDATE_PRODUCT = YES;
			};
			name = Release;
		};
		336C7B071D6167AC0037150A /* Debug */ = {
			isa = XCBuildConfiguration;
			buildSettings = {
				ALWAYS_EMBED_SWIFT_STANDARD_LIBRARIES = YES;
				ASSETCATALOG_COMPILER_APPICON_NAME = AppIcon;
				DEVELOPMENT_TEAM = 4U392EMNT3;
				INFOPLIST_FILE = NotificationSample/Info.plist;
				IPHONEOS_DEPLOYMENT_TARGET = 9.3;
				LD_RUNPATH_SEARCH_PATHS = "$(inherited) @executable_path/Frameworks";
				PRODUCT_BUNDLE_IDENTIFIER = com.designatednerd.NotificationSample;
				PRODUCT_NAME = "$(TARGET_NAME)";
				SWIFT_VERSION = 3.0;
			};
			name = Debug;
		};
		336C7B081D6167AC0037150A /* Release */ = {
			isa = XCBuildConfiguration;
			buildSettings = {
				ALWAYS_EMBED_SWIFT_STANDARD_LIBRARIES = YES;
				ASSETCATALOG_COMPILER_APPICON_NAME = AppIcon;
				DEVELOPMENT_TEAM = 4U392EMNT3;
				INFOPLIST_FILE = NotificationSample/Info.plist;
				IPHONEOS_DEPLOYMENT_TARGET = 9.3;
				LD_RUNPATH_SEARCH_PATHS = "$(inherited) @executable_path/Frameworks";
				PRODUCT_BUNDLE_IDENTIFIER = com.designatednerd.NotificationSample;
				PRODUCT_NAME = "$(TARGET_NAME)";
				SWIFT_VERSION = 3.0;
			};
			name = Release;
		};
		336C7B1E1D61680D0037150A /* Debug */ = {
			isa = XCBuildConfiguration;
			buildSettings = {
				DEVELOPMENT_TEAM = 4U392EMNT3;
				INFOPLIST_FILE = NotificationContent/Info.plist;
				LD_RUNPATH_SEARCH_PATHS = "$(inherited) @executable_path/Frameworks @executable_path/../../Frameworks";
				PRODUCT_BUNDLE_IDENTIFIER = com.designatednerd.NotificationSample.NotificationContent;
				PRODUCT_NAME = "$(TARGET_NAME)";
				SKIP_INSTALL = YES;
				SWIFT_VERSION = 3.0;
			};
			name = Debug;
		};
		336C7B1F1D61680D0037150A /* Release */ = {
			isa = XCBuildConfiguration;
			buildSettings = {
				DEVELOPMENT_TEAM = 4U392EMNT3;
				INFOPLIST_FILE = NotificationContent/Info.plist;
				LD_RUNPATH_SEARCH_PATHS = "$(inherited) @executable_path/Frameworks @executable_path/../../Frameworks";
				PRODUCT_BUNDLE_IDENTIFIER = com.designatednerd.NotificationSample.NotificationContent;
				PRODUCT_NAME = "$(TARGET_NAME)";
				SKIP_INSTALL = YES;
				SWIFT_VERSION = 3.0;
			};
			name = Release;
		};
		336C7B2E1D6168330037150A /* Debug */ = {
			isa = XCBuildConfiguration;
			buildSettings = {
				DEVELOPMENT_TEAM = 4U392EMNT3;
				INFOPLIST_FILE = NotificationService/Info.plist;
				LD_RUNPATH_SEARCH_PATHS = "$(inherited) @executable_path/Frameworks @executable_path/../../Frameworks";
				PRODUCT_BUNDLE_IDENTIFIER = com.designatednerd.NotificationSample.NotificationService;
				PRODUCT_NAME = "$(TARGET_NAME)";
				SKIP_INSTALL = YES;
				SWIFT_VERSION = 3.0;
			};
			name = Debug;
		};
		336C7B2F1D6168330037150A /* Release */ = {
			isa = XCBuildConfiguration;
			buildSettings = {
				DEVELOPMENT_TEAM = 4U392EMNT3;
				INFOPLIST_FILE = NotificationService/Info.plist;
				LD_RUNPATH_SEARCH_PATHS = "$(inherited) @executable_path/Frameworks @executable_path/../../Frameworks";
				PRODUCT_BUNDLE_IDENTIFIER = com.designatednerd.NotificationSample.NotificationService;
				PRODUCT_NAME = "$(TARGET_NAME)";
				SKIP_INSTALL = YES;
				SWIFT_VERSION = 3.0;
			};
			name = Release;
		};
		33FED1CC1EAA62470058DB0F /* Debug */ = {
			isa = XCBuildConfiguration;
			buildSettings = {
				APPLICATION_EXTENSION_API_ONLY = YES;
				CODE_SIGN_IDENTITY = "";
				CURRENT_PROJECT_VERSION = 1;
				DEFINES_MODULE = YES;
				DEVELOPMENT_TEAM = 4U392EMNT3;
				DYLIB_COMPATIBILITY_VERSION = 1;
				DYLIB_CURRENT_VERSION = 1;
				DYLIB_INSTALL_NAME_BASE = "@rpath";
				INFOPLIST_FILE = ParrotKit/Info.plist;
				INSTALL_PATH = "$(LOCAL_LIBRARY_DIR)/Frameworks";
				IPHONEOS_DEPLOYMENT_TARGET = 9.3;
				LD_RUNPATH_SEARCH_PATHS = "$(inherited) @executable_path/Frameworks @loader_path/Frameworks";
				PRODUCT_BUNDLE_IDENTIFIER = com.designatednerd.ParrotKit;
				PRODUCT_NAME = "$(TARGET_NAME)";
				SKIP_INSTALL = YES;
				SWIFT_VERSION = 3.0;
				TARGETED_DEVICE_FAMILY = "1,2";
				VERSIONING_SYSTEM = "apple-generic";
				VERSION_INFO_PREFIX = "";
			};
			name = Debug;
		};
		33FED1CD1EAA62470058DB0F /* Release */ = {
			isa = XCBuildConfiguration;
			buildSettings = {
				APPLICATION_EXTENSION_API_ONLY = YES;
				CODE_SIGN_IDENTITY = "";
				CURRENT_PROJECT_VERSION = 1;
				DEFINES_MODULE = YES;
				DEVELOPMENT_TEAM = 4U392EMNT3;
				DYLIB_COMPATIBILITY_VERSION = 1;
				DYLIB_CURRENT_VERSION = 1;
				DYLIB_INSTALL_NAME_BASE = "@rpath";
				INFOPLIST_FILE = ParrotKit/Info.plist;
				INSTALL_PATH = "$(LOCAL_LIBRARY_DIR)/Frameworks";
				IPHONEOS_DEPLOYMENT_TARGET = 9.3;
				LD_RUNPATH_SEARCH_PATHS = "$(inherited) @executable_path/Frameworks @loader_path/Frameworks";
				PRODUCT_BUNDLE_IDENTIFIER = com.designatednerd.ParrotKit;
				PRODUCT_NAME = "$(TARGET_NAME)";
				SKIP_INSTALL = YES;
				SWIFT_VERSION = 3.0;
				TARGETED_DEVICE_FAMILY = "1,2";
				VERSIONING_SYSTEM = "apple-generic";
				VERSION_INFO_PREFIX = "";
			};
			name = Release;
		};
/* End XCBuildConfiguration section */

/* Begin XCConfigurationList section */
		336C7AEF1D6167AC0037150A /* Build configuration list for PBXProject "NotificationSample" */ = {
			isa = XCConfigurationList;
			buildConfigurations = (
				336C7B041D6167AC0037150A /* Debug */,
				336C7B051D6167AC0037150A /* Release */,
			);
			defaultConfigurationIsVisible = 0;
			defaultConfigurationName = Release;
		};
		336C7B061D6167AC0037150A /* Build configuration list for PBXNativeTarget "NotificationSample" */ = {
			isa = XCConfigurationList;
			buildConfigurations = (
				336C7B071D6167AC0037150A /* Debug */,
				336C7B081D6167AC0037150A /* Release */,
			);
			defaultConfigurationIsVisible = 0;
			defaultConfigurationName = Release;
		};
		336C7B1D1D61680D0037150A /* Build configuration list for PBXNativeTarget "NotificationContent" */ = {
			isa = XCConfigurationList;
			buildConfigurations = (
				336C7B1E1D61680D0037150A /* Debug */,
				336C7B1F1D61680D0037150A /* Release */,
			);
			defaultConfigurationIsVisible = 0;
			defaultConfigurationName = Release;
		};
		336C7B2D1D6168330037150A /* Build configuration list for PBXNativeTarget "NotificationService" */ = {
			isa = XCConfigurationList;
			buildConfigurations = (
				336C7B2E1D6168330037150A /* Debug */,
				336C7B2F1D6168330037150A /* Release */,
			);
			defaultConfigurationIsVisible = 0;
			defaultConfigurationName = Release;
		};
		33FED1CB1EAA62470058DB0F /* Build configuration list for PBXNativeTarget "ParrotKit" */ = {
			isa = XCConfigurationList;
			buildConfigurations = (
				33FED1CC1EAA62470058DB0F /* Debug */,
				33FED1CD1EAA62470058DB0F /* Release */,
			);
			defaultConfigurationIsVisible = 0;
			defaultConfigurationName = Release;
		};
/* End XCConfigurationList section */
	};
	rootObject = 336C7AEC1D6167AC0037150A /* Project object */;
}
